
Microsoft Visual Studio Solution File, Format Version 12.00
# Visual Studio Version 17
VisualStudioVersion = 17.3.32811.315
MinimumVisualStudioVersion = 10.0.40219.1
Project("{FAE04EC0-301F-11D3-BF4B-00C04F79EFBC}") = "SILConvertersWordML", "src\SILConvertersWordML\SILConvertersWordML.csproj", "{909C3757-EF5F-4639-B208-E1EE82570585}"
	ProjectSection(ProjectDependencies) = postProject
		{3998257F-C3E2-4508-9579-70305BDD26F7} = {3998257F-C3E2-4508-9579-70305BDD26F7}
	EndProjectSection
EndProject
Project("{F184B08F-C81C-45F6-A57F-5ABD9991F28F}") = "SILConvertersInstaller", "src\SILConvertersInstaller\SILConvertersInstaller.vbproj", "{3998257F-C3E2-4508-9579-70305BDD26F7}"
EndProject
Project("{FAE04EC0-301F-11D3-BF4B-00C04F79EFBC}") = "ClipboardEC", "src\ClipboardEC\ClipboardEC.csproj", "{99140A5E-9BBF-4B8E-B466-FFAFC484B919}"
	ProjectSection(ProjectDependencies) = postProject
		{3998257F-C3E2-4508-9579-70305BDD26F7} = {3998257F-C3E2-4508-9579-70305BDD26F7}
	EndProjectSection
EndProject
Project("{FAE04EC0-301F-11D3-BF4B-00C04F79EFBC}") = "SilConvertersXML", "src\SilConvertersXML\SilConvertersXML.csproj", "{46294EE5-E65C-485C-B88D-C4C95880281D}"
	ProjectSection(ProjectDependencies) = postProject
		{3998257F-C3E2-4508-9579-70305BDD26F7} = {3998257F-C3E2-4508-9579-70305BDD26F7}
	EndProjectSection
EndProject
Project("{FAE04EC0-301F-11D3-BF4B-00C04F79EFBC}") = "TECkit Mapping Editor", "src\TECkit Mapping Editor\TECkit Mapping Editor.csproj", "{491E4FD2-1434-43C4-8922-65A4E8EB3E13}"
	ProjectSection(ProjectDependencies) = postProject
		{3998257F-C3E2-4508-9579-70305BDD26F7} = {3998257F-C3E2-4508-9579-70305BDD26F7}
	EndProjectSection
EndProject
Project("{FAE04EC0-301F-11D3-BF4B-00C04F79EFBC}") = "SILConvertersOffice10", "src\SILConvertersOffice10\SILConvertersOffice10.csproj", "{34CB0325-9D82-4ADC-91FA-D065D11CB450}"
	ProjectSection(ProjectDependencies) = postProject
		{DE3D6498-EDB6-4CE0-AB7A-B3BEA1B15A48} = {DE3D6498-EDB6-4CE0-AB7A-B3BEA1B15A48}
		{E14F1167-2328-4015-A99D-9A2B0CD5A662} = {E14F1167-2328-4015-A99D-9A2B0CD5A662}
	EndProjectSection
EndProject
Project("{FAE04EC0-301F-11D3-BF4B-00C04F79EFBC}") = "SILConvertersOffice", "src\SILConvertersOffice\SILConvertersOffice.csproj", "{9B2EC5A8-CA2E-45CF-8B0D-35AAF1BB9E51}"
	ProjectSection(ProjectDependencies) = postProject
		{1CA3AE14-33FD-4338-85FA-8C68B7A34F4F} = {1CA3AE14-33FD-4338-85FA-8C68B7A34F4F}
		{7111B199-64D0-4A59-852C-C24E0E4F9000} = {7111B199-64D0-4A59-852C-C24E0E4F9000}
	EndProjectSection
EndProject
Project("{FAE04EC0-301F-11D3-BF4B-00C04F79EFBC}") = "SILConvertersOffice07", "src\SILConvertersOffice07\SILConvertersOffice07.csproj", "{F5C4BDEE-F760-45B5-942D-BA7CD4B9404A}"
	ProjectSection(ProjectDependencies) = postProject
		{AE428BD8-FEFD-4790-8A71-035780C33C2D} = {AE428BD8-FEFD-4790-8A71-035780C33C2D}
		{CB91D9D5-D97C-4E7E-A595-FA2565A50813} = {CB91D9D5-D97C-4E7E-A595-FA2565A50813}
	EndProjectSection
EndProject
Project("{FAE04EC0-301F-11D3-BF4B-00C04F79EFBC}") = "SFMConv", "src\BulkSFMConverter\SFMConv.csproj", "{7580E2C0-F919-4FA5-AC2C-ADCAE4F8C14E}"
	ProjectSection(ProjectDependencies) = postProject
		{3998257F-C3E2-4508-9579-70305BDD26F7} = {3998257F-C3E2-4508-9579-70305BDD26F7}
	EndProjectSection
EndProject
Project("{FAE04EC0-301F-11D3-BF4B-00C04F79EFBC}") = "AdaptIt2Unicode", "src\AdaptIt2Unicode\AdaptIt2Unicode.csproj", "{546F0AA8-5A2B-40BD-BB27-A55015F1DA1A}"
	ProjectSection(ProjectDependencies) = postProject
		{3998257F-C3E2-4508-9579-70305BDD26F7} = {3998257F-C3E2-4508-9579-70305BDD26F7}
	EndProjectSection
EndProject
Project("{FAE04EC0-301F-11D3-BF4B-00C04F79EFBC}") = "DChartHelper", "src\DChartHelper\DChartHelper.csproj", "{9868CB93-0F3C-41AE-9638-C6F0E2DA4F41}"
	ProjectSection(ProjectDependencies) = postProject
		{3998257F-C3E2-4508-9579-70305BDD26F7} = {3998257F-C3E2-4508-9579-70305BDD26F7}
	EndProjectSection
EndProject
Project("{FAE04EC0-301F-11D3-BF4B-00C04F79EFBC}") = "SpellingFixerEC", "src\SpellingFixerEC\SpellingFixerEC.csproj", "{1514880B-9F3C-4BDA-BAFF-0B09DF049EB7}"
	ProjectSection(ProjectDependencies) = postProject
		{3998257F-C3E2-4508-9579-70305BDD26F7} = {3998257F-C3E2-4508-9579-70305BDD26F7}
	EndProjectSection
EndProject
Project("{8BC9CEB8-8B4A-11D0-8D11-00A0C91BC942}") = "SecOffice_COMAddInShim10", "src\SILConvertersOffice10\COMAddInShim10\COMAddInShim10.vcxproj", "{E14F1167-2328-4015-A99D-9A2B0CD5A662}"
	ProjectSection(ProjectDependencies) = postProject
		{DE3D6498-EDB6-4CE0-AB7A-B3BEA1B15A48} = {DE3D6498-EDB6-4CE0-AB7A-B3BEA1B15A48}
	EndProjectSection
EndProject
Project("{FAE04EC0-301F-11D3-BF4B-00C04F79EFBC}") = "SecOffice_ManagedAggregator10", "src\SILConvertersOffice10\ManagedAggregator\SecOffice_ManagedAggregator10.csproj", "{DE3D6498-EDB6-4CE0-AB7A-B3BEA1B15A48}"
	ProjectSection(ProjectDependencies) = postProject
		{3998257F-C3E2-4508-9579-70305BDD26F7} = {3998257F-C3E2-4508-9579-70305BDD26F7}
	EndProjectSection
EndProject
Project("{930C7802-8A8C-48F9-8165-68863BCCD9DD}") = "SEC Setup", "Installer\SEC Setup\SEC Setup.wixproj", "{348850E8-5C84-4C77-BA1A-220C6E48FA6E}"
	ProjectSection(ProjectDependencies) = postProject
		{01CB9891-9EB1-4DAE-A46A-CF9FFE9187CA} = {01CB9891-9EB1-4DAE-A46A-CF9FFE9187CA}
		{0323895C-80C5-4BA9-A9C6-A5C54BC1FB10} = {0323895C-80C5-4BA9-A9C6-A5C54BC1FB10}
		{25023379-697F-42B8-B952-F97AA0797B1E} = {25023379-697F-42B8-B952-F97AA0797B1E}
		{2623757C-75EE-495F-88A3-543C66C6AF08} = {2623757C-75EE-495F-88A3-543C66C6AF08}
		{30E61FED-CCA8-42D5-8489-5D9622442AA5} = {30E61FED-CCA8-42D5-8489-5D9622442AA5}
		{56CD838B-02F5-453B-87A8-7D22F4FDAA78} = {56CD838B-02F5-453B-87A8-7D22F4FDAA78}
		{589A2517-21F6-4E35-8027-9CDBD059C0F7} = {589A2517-21F6-4E35-8027-9CDBD059C0F7}
		{614DF586-9685-40A9-94EB-977757B6860B} = {614DF586-9685-40A9-94EB-977757B6860B}
		{676611A5-0798-4633-B4FD-50784FA244DB} = {676611A5-0798-4633-B4FD-50784FA244DB}
		{6C99D961-BE2C-41EA-A151-9A716745B9B4} = {6C99D961-BE2C-41EA-A151-9A716745B9B4}
		{7527E87C-EEA7-4C2B-87EB-A5F1C4B87583} = {7527E87C-EEA7-4C2B-87EB-A5F1C4B87583}
		{75E64B73-8DE7-48DC-9452-06088F93883E} = {75E64B73-8DE7-48DC-9452-06088F93883E}
		{7FBDEB9E-428F-4AC2-9C03-C59E9C93786D} = {7FBDEB9E-428F-4AC2-9C03-C59E9C93786D}
		{7FCA01F9-3AAC-4C4F-B0DB-DC1F76757C97} = {7FCA01F9-3AAC-4C4F-B0DB-DC1F76757C97}
		{860E5E0E-741D-495E-9D55-FF26522F43DC} = {860E5E0E-741D-495E-9D55-FF26522F43DC}
		{8B219EF0-68AF-4F24-98CB-022E3505C43D} = {8B219EF0-68AF-4F24-98CB-022E3505C43D}
		{8C0C831B-6593-4402-B978-A68107743910} = {8C0C831B-6593-4402-B978-A68107743910}
		{8D50BF2D-947B-4974-B99C-A8A11873D0BC} = {8D50BF2D-947B-4974-B99C-A8A11873D0BC}
		{906F2914-563F-4B12-8AC9-54117D29D2B5} = {906F2914-563F-4B12-8AC9-54117D29D2B5}
		{98162DFC-C99A-4848-A00F-C793992CE7A3} = {98162DFC-C99A-4848-A00F-C793992CE7A3}
		{A47FAA01-CF41-4FDC-BBF9-594E70DC967F} = {A47FAA01-CF41-4FDC-BBF9-594E70DC967F}
		{A5581AA0-44B7-4713-BD52-220758C89132} = {A5581AA0-44B7-4713-BD52-220758C89132}
		{AB98CA5E-BBF0-41C7-B73A-A90B21A770A5} = {AB98CA5E-BBF0-41C7-B73A-A90B21A770A5}
		{AC73E65E-E161-4E55-994F-03DC98378592} = {AC73E65E-E161-4E55-994F-03DC98378592}
		{BBB72651-5FDA-4B91-82C3-9A11298E05E4} = {BBB72651-5FDA-4B91-82C3-9A11298E05E4}
		{BBEC105B-6F77-427B-9141-EC9A042919E9} = {BBEC105B-6F77-427B-9141-EC9A042919E9}
		{C131303C-8DFB-4EBE-BCCE-77979A7DCACE} = {C131303C-8DFB-4EBE-BCCE-77979A7DCACE}
		{C6DEB987-8E8C-4A11-9B65-F5528FC2E543} = {C6DEB987-8E8C-4A11-9B65-F5528FC2E543}
		{CB992865-C2E0-4D4A-B6A6-E979076913C6} = {CB992865-C2E0-4D4A-B6A6-E979076913C6}
		{CBF191C2-D37D-45B1-A945-394D802B16C2} = {CBF191C2-D37D-45B1-A945-394D802B16C2}
		{E87D3A3C-DB9D-417F-87E5-E43D693AE31F} = {E87D3A3C-DB9D-417F-87E5-E43D693AE31F}
		{ED390F3C-3E5E-4550-8A9B-D50F11B0BB6C} = {ED390F3C-3E5E-4550-8A9B-D50F11B0BB6C}
		{F4A09594-ADD7-4EDA-B09C-C42DE9089D3A} = {F4A09594-ADD7-4EDA-B09C-C42DE9089D3A}
	EndProjectSection
EndProject
Project("{930C7802-8A8C-48F9-8165-68863BCCD9DD}") = "AdaptIt2UnicodeMM", "Installer\AdaptIt2UnicodeMM\AdaptIt2UnicodeMM.wixproj", "{7FCA01F9-3AAC-4C4F-B0DB-DC1F76757C97}"
	ProjectSection(ProjectDependencies) = postProject
		{546F0AA8-5A2B-40BD-BB27-A55015F1DA1A} = {546F0AA8-5A2B-40BD-BB27-A55015F1DA1A}
	EndProjectSection
EndProject
Project("{930C7802-8A8C-48F9-8165-68863BCCD9DD}") = "SetPath", "Installer\SetPath\SetPath.wixproj", "{CBF191C2-D37D-45B1-A945-394D802B16C2}"
	ProjectSection(ProjectDependencies) = postProject
		{3998257F-C3E2-4508-9579-70305BDD26F7} = {3998257F-C3E2-4508-9579-70305BDD26F7}
	EndProjectSection
EndProject
Project("{930C7802-8A8C-48F9-8165-68863BCCD9DD}") = "BasicConverters", "Installer\Converter Packages\BasicConverters\BasicConverters.wixproj", "{A5581AA0-44B7-4713-BD52-220758C89132}"
	ProjectSection(ProjectDependencies) = postProject
		{3998257F-C3E2-4508-9579-70305BDD26F7} = {3998257F-C3E2-4508-9579-70305BDD26F7}
	EndProjectSection
EndProject
Project("{930C7802-8A8C-48F9-8165-68863BCCD9DD}") = "ConverterInstallerMM", "Installer\ConverterInstallerMM\ConverterInstallerMM.wixproj", "{676611A5-0798-4633-B4FD-50784FA244DB}"
	ProjectSection(ProjectDependencies) = postProject
		{3998257F-C3E2-4508-9579-70305BDD26F7} = {3998257F-C3E2-4508-9579-70305BDD26F7}
	EndProjectSection
EndProject
Project("{930C7802-8A8C-48F9-8165-68863BCCD9DD}") = "SagIndic", "Installer\Converter Packages\SagIndic\SagIndic.wixproj", "{8D50BF2D-947B-4974-B99C-A8A11873D0BC}"
	ProjectSection(ProjectDependencies) = postProject
		{3998257F-C3E2-4508-9579-70305BDD26F7} = {3998257F-C3E2-4508-9579-70305BDD26F7}
	EndProjectSection
EndProject
Project("{930C7802-8A8C-48F9-8165-68863BCCD9DD}") = "Cameroon", "Installer\Converter Packages\Cameroon\Cameroon.wixproj", "{01CB9891-9EB1-4DAE-A46A-CF9FFE9187CA}"
	ProjectSection(ProjectDependencies) = postProject
		{3998257F-C3E2-4508-9579-70305BDD26F7} = {3998257F-C3E2-4508-9579-70305BDD26F7}
	EndProjectSection
EndProject
Project("{930C7802-8A8C-48F9-8165-68863BCCD9DD}") = "Central Africa", "Installer\Converter Packages\Central Africa\Central Africa.wixproj", "{98162DFC-C99A-4848-A00F-C793992CE7A3}"
	ProjectSection(ProjectDependencies) = postProject
		{3998257F-C3E2-4508-9579-70305BDD26F7} = {3998257F-C3E2-4508-9579-70305BDD26F7}
	EndProjectSection
EndProject
Project("{930C7802-8A8C-48F9-8165-68863BCCD9DD}") = "East Africa", "Installer\Converter Packages\East Africa\East Africa.wixproj", "{F4A09594-ADD7-4EDA-B09C-C42DE9089D3A}"
	ProjectSection(ProjectDependencies) = postProject
		{3998257F-C3E2-4508-9579-70305BDD26F7} = {3998257F-C3E2-4508-9579-70305BDD26F7}
	EndProjectSection
EndProject
Project("{930C7802-8A8C-48F9-8165-68863BCCD9DD}") = "Eastern Congo Group", "Installer\Converter Packages\Eastern Congo Group\Eastern Congo Group.wixproj", "{AC73E65E-E161-4E55-994F-03DC98378592}"
	ProjectSection(ProjectDependencies) = postProject
		{3998257F-C3E2-4508-9579-70305BDD26F7} = {3998257F-C3E2-4508-9579-70305BDD26F7}
	EndProjectSection
EndProject
Project("{930C7802-8A8C-48F9-8165-68863BCCD9DD}") = "FindPhone2IPA", "Installer\Converter Packages\FindPhone2IPA\FindPhone2IPA.wixproj", "{7FBDEB9E-428F-4AC2-9C03-C59E9C93786D}"
	ProjectSection(ProjectDependencies) = postProject
		{3998257F-C3E2-4508-9579-70305BDD26F7} = {3998257F-C3E2-4508-9579-70305BDD26F7}
	EndProjectSection
EndProject
Project("{930C7802-8A8C-48F9-8165-68863BCCD9DD}") = "Hebrew", "Installer\Converter Packages\Hebrew\Hebrew.wixproj", "{C131303C-8DFB-4EBE-BCCE-77979A7DCACE}"
	ProjectSection(ProjectDependencies) = postProject
		{3998257F-C3E2-4508-9579-70305BDD26F7} = {3998257F-C3E2-4508-9579-70305BDD26F7}
	EndProjectSection
EndProject
Project("{930C7802-8A8C-48F9-8165-68863BCCD9DD}") = "ICU Transliterators", "Installer\Converter Packages\ICU Transliterators\ICU Transliterators.wixproj", "{75E64B73-8DE7-48DC-9452-06088F93883E}"
	ProjectSection(ProjectDependencies) = postProject
		{3998257F-C3E2-4508-9579-70305BDD26F7} = {3998257F-C3E2-4508-9579-70305BDD26F7}
	EndProjectSection
EndProject
Project("{930C7802-8A8C-48F9-8165-68863BCCD9DD}") = "IndicConverters", "Installer\Converter Packages\IndicConverters\IndicConverters.wixproj", "{6C99D961-BE2C-41EA-A151-9A716745B9B4}"
	ProjectSection(ProjectDependencies) = postProject
		{3998257F-C3E2-4508-9579-70305BDD26F7} = {3998257F-C3E2-4508-9579-70305BDD26F7}
	EndProjectSection
EndProject
Project("{930C7802-8A8C-48F9-8165-68863BCCD9DD}") = "NLCI (India)", "Installer\Converter Packages\NLCI (India)\NLCI (India).wixproj", "{614DF586-9685-40A9-94EB-977757B6860B}"
	ProjectSection(ProjectDependencies) = postProject
		{3998257F-C3E2-4508-9579-70305BDD26F7} = {3998257F-C3E2-4508-9579-70305BDD26F7}
	EndProjectSection
EndProject
Project("{930C7802-8A8C-48F9-8165-68863BCCD9DD}") = "PNG", "Installer\Converter Packages\PNG\PNG.wixproj", "{589A2517-21F6-4E35-8027-9CDBD059C0F7}"
	ProjectSection(ProjectDependencies) = postProject
		{3998257F-C3E2-4508-9579-70305BDD26F7} = {3998257F-C3E2-4508-9579-70305BDD26F7}
	EndProjectSection
EndProject
Project("{930C7802-8A8C-48F9-8165-68863BCCD9DD}") = "West Africa", "Installer\Converter Packages\West Africa\West Africa.wixproj", "{7527E87C-EEA7-4C2B-87EB-A5F1C4B87583}"
	ProjectSection(ProjectDependencies) = postProject
		{3998257F-C3E2-4508-9579-70305BDD26F7} = {3998257F-C3E2-4508-9579-70305BDD26F7}
	EndProjectSection
EndProject
Project("{930C7802-8A8C-48F9-8165-68863BCCD9DD}") = "DChartHelperMM", "Installer\DChartHelperMM\DChartHelperMM.wixproj", "{30E61FED-CCA8-42D5-8489-5D9622442AA5}"
	ProjectSection(ProjectDependencies) = postProject
		{9868CB93-0F3C-41AE-9638-C6F0E2DA4F41} = {9868CB93-0F3C-41AE-9638-C6F0E2DA4F41}
	EndProjectSection
EndProject
Project("{930C7802-8A8C-48F9-8165-68863BCCD9DD}") = "SilConvertersForWordMM", "Installer\SilConvertersForWordMM\SilConvertersForWordMM.wixproj", "{BBEC105B-6F77-427B-9141-EC9A042919E9}"
	ProjectSection(ProjectDependencies) = postProject
		{909C3757-EF5F-4639-B208-E1EE82570585} = {909C3757-EF5F-4639-B208-E1EE82570585}
	EndProjectSection
EndProject
Project("{930C7802-8A8C-48F9-8165-68863BCCD9DD}") = "SCOffice10MM", "Installer\SCOffice10MM\SCOffice10MM.wixproj", "{ED390F3C-3E5E-4550-8A9B-D50F11B0BB6C}"
	ProjectSection(ProjectDependencies) = postProject
		{34CB0325-9D82-4ADC-91FA-D065D11CB450} = {34CB0325-9D82-4ADC-91FA-D065D11CB450}
		{DE3D6498-EDB6-4CE0-AB7A-B3BEA1B15A48} = {DE3D6498-EDB6-4CE0-AB7A-B3BEA1B15A48}
		{E14F1167-2328-4015-A99D-9A2B0CD5A662} = {E14F1167-2328-4015-A99D-9A2B0CD5A662}
	EndProjectSection
EndProject
Project("{8BC9CEB8-8B4A-11D0-8D11-00A0C91BC942}") = "SecOffice_COMAddInShim07", "src\SILConvertersOffice07\COMAddInShim07\COMAddInShim07.vcxproj", "{CB91D9D5-D97C-4E7E-A595-FA2565A50813}"
	ProjectSection(ProjectDependencies) = postProject
		{AE428BD8-FEFD-4790-8A71-035780C33C2D} = {AE428BD8-FEFD-4790-8A71-035780C33C2D}
	EndProjectSection
EndProject
Project("{FAE04EC0-301F-11D3-BF4B-00C04F79EFBC}") = "SecOffice_ManagedAggregator07", "src\SILConvertersOffice07\ManagedAggregator\SecOffice_ManagedAggregator07.csproj", "{AE428BD8-FEFD-4790-8A71-035780C33C2D}"
	ProjectSection(ProjectDependencies) = postProject
		{3998257F-C3E2-4508-9579-70305BDD26F7} = {3998257F-C3E2-4508-9579-70305BDD26F7}
	EndProjectSection
EndProject
Project("{930C7802-8A8C-48F9-8165-68863BCCD9DD}") = "SCOffice07MM", "Installer\SCOffice07MM\SCOffice07MM.wixproj", "{25023379-697F-42B8-B952-F97AA0797B1E}"
	ProjectSection(ProjectDependencies) = postProject
		{AE428BD8-FEFD-4790-8A71-035780C33C2D} = {AE428BD8-FEFD-4790-8A71-035780C33C2D}
		{CB91D9D5-D97C-4E7E-A595-FA2565A50813} = {CB91D9D5-D97C-4E7E-A595-FA2565A50813}
		{F5C4BDEE-F760-45B5-942D-BA7CD4B9404A} = {F5C4BDEE-F760-45B5-942D-BA7CD4B9404A}
	EndProjectSection
EndProject
Project("{8BC9CEB8-8B4A-11D0-8D11-00A0C91BC942}") = "SecOffice_COMAddInShim03", "src\SILConvertersOffice\COMAddInShim03\COMAddInShim03.vcxproj", "{1CA3AE14-33FD-4338-85FA-8C68B7A34F4F}"
	ProjectSection(ProjectDependencies) = postProject
		{7111B199-64D0-4A59-852C-C24E0E4F9000} = {7111B199-64D0-4A59-852C-C24E0E4F9000}
	EndProjectSection
EndProject
Project("{FAE04EC0-301F-11D3-BF4B-00C04F79EFBC}") = "SecOffice_ManagedAggregator03", "src\SILConvertersOffice\ManagedAggregator\SecOffice_ManagedAggregator03.csproj", "{7111B199-64D0-4A59-852C-C24E0E4F9000}"
	ProjectSection(ProjectDependencies) = postProject
		{3998257F-C3E2-4508-9579-70305BDD26F7} = {3998257F-C3E2-4508-9579-70305BDD26F7}
	EndProjectSection
EndProject
Project("{930C7802-8A8C-48F9-8165-68863BCCD9DD}") = "SCOffice03MM", "Installer\SCOffice03MM\SCOffice03MM.wixproj", "{860E5E0E-741D-495E-9D55-FF26522F43DC}"
	ProjectSection(ProjectDependencies) = postProject
		{1CA3AE14-33FD-4338-85FA-8C68B7A34F4F} = {1CA3AE14-33FD-4338-85FA-8C68B7A34F4F}
		{7111B199-64D0-4A59-852C-C24E0E4F9000} = {7111B199-64D0-4A59-852C-C24E0E4F9000}
		{9B2EC5A8-CA2E-45CF-8B0D-35AAF1BB9E51} = {9B2EC5A8-CA2E-45CF-8B0D-35AAF1BB9E51}
	EndProjectSection
EndProject
Project("{930C7802-8A8C-48F9-8165-68863BCCD9DD}") = "MS_KB908002_Fix", "Installer\MS_KB908002_Fix\MS_KB908002_Fix.wixproj", "{C6DEB987-8E8C-4A11-9B65-F5528FC2E543}"
	ProjectSection(ProjectDependencies) = postProject
		{3998257F-C3E2-4508-9579-70305BDD26F7} = {3998257F-C3E2-4508-9579-70305BDD26F7}
	EndProjectSection
EndProject
Project("{FAE04EC0-301F-11D3-BF4B-00C04F79EFBC}") = "TestBwdc", "src\SILConvertersWordML\TestBwdc\TestBwdc.csproj", "{204B5A05-E20D-47BB-8C14-9120DD5F726B}"
EndProject
Project("{2150E333-8FDC-42A3-9474-1A3956D46DE8}") = "Solution Items", "Solution Items", "{AB86AE67-C7D0-4FAD-AAFC-F6B450669929}"
	ProjectSection(SolutionItems) = preProject
		Directory.Build.props = Directory.Build.props
		Local.testsettings = Local.testsettings
		SEC VS2010.vsmdi = SEC VS2010.vsmdi
		TraceAndTestImpact.testsettings = TraceAndTestImpact.testsettings
	EndProjectSection
EndProject
Project("{2150E333-8FDC-42A3-9474-1A3956D46DE8}") = "Installer", "Installer", "{BD599637-791D-41A6-9B5F-233032353630}"
EndProject
Project("{2150E333-8FDC-42A3-9474-1A3956D46DE8}") = "Converter Packages", "Converter Packages", "{2B564B66-85B8-41D7-9A90-4132792B08A2}"
EndProject
Project("{2150E333-8FDC-42A3-9474-1A3956D46DE8}") = "Office2003", "Office2003", "{5E315D0E-7BF9-42DB-87CF-99CAD7A7AA8A}"
EndProject
Project("{2150E333-8FDC-42A3-9474-1A3956D46DE8}") = "Office2007", "Office2007", "{37E4774D-AECA-47AB-83AA-ED453BB56E90}"
EndProject
Project("{2150E333-8FDC-42A3-9474-1A3956D46DE8}") = "Office2010", "Office2010", "{BCCDCCF3-861E-405F-8A20-5E23078AB593}"
EndProject
Project("{2150E333-8FDC-42A3-9474-1A3956D46DE8}") = "MergeModules", "MergeModules", "{84121E67-E37B-4C69-810B-E3DC1C06F54A}"
EndProject
Project("{FAE04EC0-301F-11D3-BF4B-00C04F79EFBC}") = "SILConvertersOffice13", "src\SILConvertersOffice13\SILConvertersOffice13.csproj", "{F165FAB3-8AD5-4335-B692-AAFDC5E29B66}"
	ProjectSection(ProjectDependencies) = postProject
		{6DE3379A-152F-47AC-8F94-B96E59A9478A} = {6DE3379A-152F-47AC-8F94-B96E59A9478A}
		{CADB97B2-CB7D-4DD1-9C7A-06320B8CF352} = {CADB97B2-CB7D-4DD1-9C7A-06320B8CF352}
	EndProjectSection
EndProject
Project("{2150E333-8FDC-42A3-9474-1A3956D46DE8}") = "Office2013", "Office2013", "{8A84DE78-2733-41B8-AF2F-A61B8EB0B6FF}"
EndProject
Project("{8BC9CEB8-8B4A-11D0-8D11-00A0C91BC942}") = "SecOffice_COMAddInShim13", "src\SILConvertersOffice13\COMAddInShim13\COMAddInShim13.vcxproj", "{CADB97B2-CB7D-4DD1-9C7A-06320B8CF352}"
	ProjectSection(ProjectDependencies) = postProject
		{6DE3379A-152F-47AC-8F94-B96E59A9478A} = {6DE3379A-152F-47AC-8F94-B96E59A9478A}
	EndProjectSection
EndProject
Project("{FAE04EC0-301F-11D3-BF4B-00C04F79EFBC}") = "SecOffice_ManagedAggregator13", "src\SILConvertersOffice13\ManagedAggregator\SecOffice_ManagedAggregator13.csproj", "{6DE3379A-152F-47AC-8F94-B96E59A9478A}"
	ProjectSection(ProjectDependencies) = postProject
		{3998257F-C3E2-4508-9579-70305BDD26F7} = {3998257F-C3E2-4508-9579-70305BDD26F7}
	EndProjectSection
EndProject
Project("{930C7802-8A8C-48F9-8165-68863BCCD9DD}") = "SCOffice13MM", "Installer\SCOffice13MM\SCOffice13MM.wixproj", "{8B219EF0-68AF-4F24-98CB-022E3505C43D}"
	ProjectSection(ProjectDependencies) = postProject
		{6DE3379A-152F-47AC-8F94-B96E59A9478A} = {6DE3379A-152F-47AC-8F94-B96E59A9478A}
		{CADB97B2-CB7D-4DD1-9C7A-06320B8CF352} = {CADB97B2-CB7D-4DD1-9C7A-06320B8CF352}
		{F165FAB3-8AD5-4335-B692-AAFDC5E29B66} = {F165FAB3-8AD5-4335-B692-AAFDC5E29B66}
	EndProjectSection
EndProject
Project("{930C7802-8A8C-48F9-8165-68863BCCD9DD}") = "SFM Converter MM", "Installer\SFM Converter MM\SFM Converter MM.wixproj", "{0323895C-80C5-4BA9-A9C6-A5C54BC1FB10}"
	ProjectSection(ProjectDependencies) = postProject
		{7580E2C0-F919-4FA5-AC2C-ADCAE4F8C14E} = {7580E2C0-F919-4FA5-AC2C-ADCAE4F8C14E}
	EndProjectSection
EndProject
Project("{930C7802-8A8C-48F9-8165-68863BCCD9DD}") = "TECkitMapUEditor", "installer\TECkitMapUEditor\TECkitMapUEditor.wixproj", "{56CD838B-02F5-453B-87A8-7D22F4FDAA78}"
	ProjectSection(ProjectDependencies) = postProject
		{491E4FD2-1434-43C4-8922-65A4E8EB3E13} = {491E4FD2-1434-43C4-8922-65A4E8EB3E13}
	EndProjectSection
EndProject
Project("{930C7802-8A8C-48F9-8165-68863BCCD9DD}") = "XmlConvertersMM", "Installer\XmlConvertersMM\XmlConvertersMM.wixproj", "{A47FAA01-CF41-4FDC-BBF9-594E70DC967F}"
	ProjectSection(ProjectDependencies) = postProject
		{46294EE5-E65C-485C-B88D-C4C95880281D} = {46294EE5-E65C-485C-B88D-C4C95880281D}
	EndProjectSection
EndProject
Project("{930C7802-8A8C-48F9-8165-68863BCCD9DD}") = "CscDotMM", "Installer\CscDotMM\CscDotMM.wixproj", "{AB98CA5E-BBF0-41C7-B73A-A90B21A770A5}"
	ProjectSection(ProjectDependencies) = postProject
		{3998257F-C3E2-4508-9579-70305BDD26F7} = {3998257F-C3E2-4508-9579-70305BDD26F7}
	EndProjectSection
EndProject
Project("{930C7802-8A8C-48F9-8165-68863BCCD9DD}") = "DcmDotMM", "Installer\DcmDotMM\DcmDotMM.wixproj", "{CB992865-C2E0-4D4A-B6A6-E979076913C6}"
	ProjectSection(ProjectDependencies) = postProject
		{3998257F-C3E2-4508-9579-70305BDD26F7} = {3998257F-C3E2-4508-9579-70305BDD26F7}
	EndProjectSection
EndProject
Project("{930C7802-8A8C-48F9-8165-68863BCCD9DD}") = "SpellFixerEcMM", "Installer\SpellFixerEcMM\SpellFixerEcMM.wixproj", "{906F2914-563F-4B12-8AC9-54117D29D2B5}"
	ProjectSection(ProjectDependencies) = postProject
		{1514880B-9F3C-4BDA-BAFF-0B09DF049EB7} = {1514880B-9F3C-4BDA-BAFF-0B09DF049EB7}
	EndProjectSection
EndProject
Project("{930C7802-8A8C-48F9-8165-68863BCCD9DD}") = "ScHelpMM", "Installer\ScHelpMM\ScHelpMM.wixproj", "{E87D3A3C-DB9D-417F-87E5-E43D693AE31F}"
	ProjectSection(ProjectDependencies) = postProject
		{3998257F-C3E2-4508-9579-70305BDD26F7} = {3998257F-C3E2-4508-9579-70305BDD26F7}
	EndProjectSection
EndProject
Project("{930C7802-8A8C-48F9-8165-68863BCCD9DD}") = "TECkitPackageMM", "Installer\TECkitPackageMM\TECkitPackageMM.wixproj", "{BBB72651-5FDA-4B91-82C3-9A11298E05E4}"
	ProjectSection(ProjectDependencies) = postProject
		{3998257F-C3E2-4508-9579-70305BDD26F7} = {3998257F-C3E2-4508-9579-70305BDD26F7}
	EndProjectSection
EndProject
Project("{930C7802-8A8C-48F9-8165-68863BCCD9DD}") = "OpenOfficeLinguisticToolsMM", "Installer\OpenOfficeLinguisticToolsMM\OpenOfficeLinguisticToolsMM.wixproj", "{2623757C-75EE-495F-88A3-543C66C6AF08}"
EndProject
Project("{930C7802-8A8C-48F9-8165-68863BCCD9DD}") = "AdaptIt2Unicode64bitMM", "Installer\AdaptIt2Unicode64bitMM\AdaptIt2Unicode64bitMM.wixproj", "{A8C9B610-AE5F-4680-9663-9A202D12AE41}"
	ProjectSection(ProjectDependencies) = postProject
		{546F0AA8-5A2B-40BD-BB27-A55015F1DA1A} = {546F0AA8-5A2B-40BD-BB27-A55015F1DA1A}
	EndProjectSection
EndProject
Project("{930C7802-8A8C-48F9-8165-68863BCCD9DD}") = "ClipboardEncConverterMM", "Installer\ClipboardEncConverterMM\ClipboardEncConverterMM.wixproj", "{8C0C831B-6593-4402-B978-A68107743910}"
	ProjectSection(ProjectDependencies) = postProject
		{99140A5E-9BBF-4B8E-B466-FFAFC484B919} = {99140A5E-9BBF-4B8E-B466-FFAFC484B919}
	EndProjectSection
EndProject
Project("{930C7802-8A8C-48F9-8165-68863BCCD9DD}") = "ClipboardEncConverter64bitMM", "Installer\ClipboardEncConverter64bitMM\ClipboardEncConverter64bitMM.wixproj", "{9B74C3A2-DCCD-44F0-9804-D1EE27150890}"
	ProjectSection(ProjectDependencies) = postProject
		{99140A5E-9BBF-4B8E-B466-FFAFC484B919} = {99140A5E-9BBF-4B8E-B466-FFAFC484B919}
	EndProjectSection
EndProject
Project("{930C7802-8A8C-48F9-8165-68863BCCD9DD}") = "IndicConverters64bit", "Installer\Converter Packages\IndicConverters64bit\IndicConverters64bit.wixproj", "{51603A91-9AAC-41E0-8991-27E52BB16729}"
EndProject
Project("{930C7802-8A8C-48F9-8165-68863BCCD9DD}") = "ConverterInstaller64bitMM", "Installer\ConverterInstaller64bitMM\ConverterInstaller64bitMM.wixproj", "{80DD890F-713A-4C17-B214-51E9E2012AEE}"
	ProjectSection(ProjectDependencies) = postProject
		{3998257F-C3E2-4508-9579-70305BDD26F7} = {3998257F-C3E2-4508-9579-70305BDD26F7}
	EndProjectSection
EndProject
Project("{930C7802-8A8C-48F9-8165-68863BCCD9DD}") = "DChartHelper64bitMM", "Installer\DChartHelper64bitMM\DChartHelper64bitMM.wixproj", "{18D1960F-2F69-4DA6-A105-3B64210B4685}"
	ProjectSection(ProjectDependencies) = postProject
		{9868CB93-0F3C-41AE-9638-C6F0E2DA4F41} = {9868CB93-0F3C-41AE-9638-C6F0E2DA4F41}
	EndProjectSection
EndProject
Project("{930C7802-8A8C-48F9-8165-68863BCCD9DD}") = "SCOffice0364bitMM", "Installer\SCOffice0364bitMM\SCOffice0364bitMM.wixproj", "{06B383D4-8ACD-4CA1-B489-BE514FAC7055}"
	ProjectSection(ProjectDependencies) = postProject
		{1CA3AE14-33FD-4338-85FA-8C68B7A34F4F} = {1CA3AE14-33FD-4338-85FA-8C68B7A34F4F}
		{7111B199-64D0-4A59-852C-C24E0E4F9000} = {7111B199-64D0-4A59-852C-C24E0E4F9000}
		{9B2EC5A8-CA2E-45CF-8B0D-35AAF1BB9E51} = {9B2EC5A8-CA2E-45CF-8B0D-35AAF1BB9E51}
	EndProjectSection
EndProject
Project("{930C7802-8A8C-48F9-8165-68863BCCD9DD}") = "SCOffice0764bitMM", "Installer\SCOffice0764bitMM\SCOffice0764bitMM.wixproj", "{7B29C337-5F66-46DB-AAF4-D152085761B6}"
	ProjectSection(ProjectDependencies) = postProject
		{AE428BD8-FEFD-4790-8A71-035780C33C2D} = {AE428BD8-FEFD-4790-8A71-035780C33C2D}
		{CB91D9D5-D97C-4E7E-A595-FA2565A50813} = {CB91D9D5-D97C-4E7E-A595-FA2565A50813}
		{F5C4BDEE-F760-45B5-942D-BA7CD4B9404A} = {F5C4BDEE-F760-45B5-942D-BA7CD4B9404A}
	EndProjectSection
EndProject
Project("{930C7802-8A8C-48F9-8165-68863BCCD9DD}") = "SCOffice1064bitMM", "Installer\SCOffice1064bitMM\SCOffice1064bitMM.wixproj", "{4786A786-AB5A-4EF2-A850-98170263C9ED}"
	ProjectSection(ProjectDependencies) = postProject
		{34CB0325-9D82-4ADC-91FA-D065D11CB450} = {34CB0325-9D82-4ADC-91FA-D065D11CB450}
		{DE3D6498-EDB6-4CE0-AB7A-B3BEA1B15A48} = {DE3D6498-EDB6-4CE0-AB7A-B3BEA1B15A48}
		{E14F1167-2328-4015-A99D-9A2B0CD5A662} = {E14F1167-2328-4015-A99D-9A2B0CD5A662}
	EndProjectSection
EndProject
Project("{930C7802-8A8C-48F9-8165-68863BCCD9DD}") = "SCOffice1364bitMM", "Installer\SCOffice1364bitMM\SCOffice1364bitMM.wixproj", "{8683CD76-0C58-420F-A791-9EA2B216A2E6}"
	ProjectSection(ProjectDependencies) = postProject
		{6DE3379A-152F-47AC-8F94-B96E59A9478A} = {6DE3379A-152F-47AC-8F94-B96E59A9478A}
		{CADB97B2-CB7D-4DD1-9C7A-06320B8CF352} = {CADB97B2-CB7D-4DD1-9C7A-06320B8CF352}
		{F165FAB3-8AD5-4335-B692-AAFDC5E29B66} = {F165FAB3-8AD5-4335-B692-AAFDC5E29B66}
	EndProjectSection
EndProject
Project("{930C7802-8A8C-48F9-8165-68863BCCD9DD}") = "SetPath64bit", "Installer\SetPath64bit\SetPath64bit.wixproj", "{01B556CC-9357-4B37-87E0-1BAEA474CAAE}"
EndProject
Project("{930C7802-8A8C-48F9-8165-68863BCCD9DD}") = "SFM Converter 64bit MM", "Installer\SFM Converter 64bit MM\SFM Converter 64bit MM.wixproj", "{E9129F36-4844-4D90-AFD0-13AB86B280C8}"
	ProjectSection(ProjectDependencies) = postProject
		{7580E2C0-F919-4FA5-AC2C-ADCAE4F8C14E} = {7580E2C0-F919-4FA5-AC2C-ADCAE4F8C14E}
	EndProjectSection
EndProject
Project("{930C7802-8A8C-48F9-8165-68863BCCD9DD}") = "SilConvertersForWord64bitMM", "Installer\SilConvertersForWord64bitMM\SilConvertersForWord64bitMM.wixproj", "{5B3E109E-0050-49DC-83FD-BAAAEC0610B2}"
	ProjectSection(ProjectDependencies) = postProject
		{909C3757-EF5F-4639-B208-E1EE82570585} = {909C3757-EF5F-4639-B208-E1EE82570585}
	EndProjectSection
EndProject
Project("{930C7802-8A8C-48F9-8165-68863BCCD9DD}") = "SpellFixerEc64bitMM", "Installer\SpellFixerEc64bitMM\SpellFixerEc64bitMM.wixproj", "{CE9026BE-14CC-40C0-8BA9-8C5383A37570}"
	ProjectSection(ProjectDependencies) = postProject
		{1514880B-9F3C-4BDA-BAFF-0B09DF049EB7} = {1514880B-9F3C-4BDA-BAFF-0B09DF049EB7}
	EndProjectSection
EndProject
Project("{930C7802-8A8C-48F9-8165-68863BCCD9DD}") = "TECkitMapUEditor64bit", "Installer\TECkitMapUEditor64bit\TECkitMapUEditor64bit.wixproj", "{B7DC7F74-DDB1-450C-9A70-6C852CEA8A2C}"
	ProjectSection(ProjectDependencies) = postProject
		{491E4FD2-1434-43C4-8922-65A4E8EB3E13} = {491E4FD2-1434-43C4-8922-65A4E8EB3E13}
	EndProjectSection
EndProject
Project("{930C7802-8A8C-48F9-8165-68863BCCD9DD}") = "XmlConverters64bitMM", "Installer\XmlConverters64bitMM\XmlConverters64bitMM.wixproj", "{41D5C15A-DDC1-45FA-9EBF-3D08D04E3E9E}"
	ProjectSection(ProjectDependencies) = postProject
		{46294EE5-E65C-485C-B88D-C4C95880281D} = {46294EE5-E65C-485C-B88D-C4C95880281D}
	EndProjectSection
EndProject
Project("{930C7802-8A8C-48F9-8165-68863BCCD9DD}") = "SEC Setup 64bit", "Installer\SEC Setup 64bit\SEC Setup 64bit.wixproj", "{69CB9E94-E875-4B29-AB69-3BBFE8D467E8}"
	ProjectSection(ProjectDependencies) = postProject
		{01B556CC-9357-4B37-87E0-1BAEA474CAAE} = {01B556CC-9357-4B37-87E0-1BAEA474CAAE}
		{01CB9891-9EB1-4DAE-A46A-CF9FFE9187CA} = {01CB9891-9EB1-4DAE-A46A-CF9FFE9187CA}
		{06B383D4-8ACD-4CA1-B489-BE514FAC7055} = {06B383D4-8ACD-4CA1-B489-BE514FAC7055}
		{18D1960F-2F69-4DA6-A105-3B64210B4685} = {18D1960F-2F69-4DA6-A105-3B64210B4685}
		{2623757C-75EE-495F-88A3-543C66C6AF08} = {2623757C-75EE-495F-88A3-543C66C6AF08}
		{41D5C15A-DDC1-45FA-9EBF-3D08D04E3E9E} = {41D5C15A-DDC1-45FA-9EBF-3D08D04E3E9E}
		{4786A786-AB5A-4EF2-A850-98170263C9ED} = {4786A786-AB5A-4EF2-A850-98170263C9ED}
		{51603A91-9AAC-41E0-8991-27E52BB16729} = {51603A91-9AAC-41E0-8991-27E52BB16729}
		{583CF928-C5BE-4518-9B5C-A8A7745BEE37} = {583CF928-C5BE-4518-9B5C-A8A7745BEE37}
		{589A2517-21F6-4E35-8027-9CDBD059C0F7} = {589A2517-21F6-4E35-8027-9CDBD059C0F7}
		{5B3E109E-0050-49DC-83FD-BAAAEC0610B2} = {5B3E109E-0050-49DC-83FD-BAAAEC0610B2}
		{614DF586-9685-40A9-94EB-977757B6860B} = {614DF586-9685-40A9-94EB-977757B6860B}
		{7527E87C-EEA7-4C2B-87EB-A5F1C4B87583} = {7527E87C-EEA7-4C2B-87EB-A5F1C4B87583}
		{75E64B73-8DE7-48DC-9452-06088F93883E} = {75E64B73-8DE7-48DC-9452-06088F93883E}
		{7B29C337-5F66-46DB-AAF4-D152085761B6} = {7B29C337-5F66-46DB-AAF4-D152085761B6}
		{7FBDEB9E-428F-4AC2-9C03-C59E9C93786D} = {7FBDEB9E-428F-4AC2-9C03-C59E9C93786D}
		{80DD890F-713A-4C17-B214-51E9E2012AEE} = {80DD890F-713A-4C17-B214-51E9E2012AEE}
		{8683CD76-0C58-420F-A791-9EA2B216A2E6} = {8683CD76-0C58-420F-A791-9EA2B216A2E6}
		{8D50BF2D-947B-4974-B99C-A8A11873D0BC} = {8D50BF2D-947B-4974-B99C-A8A11873D0BC}
		{98162DFC-C99A-4848-A00F-C793992CE7A3} = {98162DFC-C99A-4848-A00F-C793992CE7A3}
		{9B74C3A2-DCCD-44F0-9804-D1EE27150890} = {9B74C3A2-DCCD-44F0-9804-D1EE27150890}
		{A5581AA0-44B7-4713-BD52-220758C89132} = {A5581AA0-44B7-4713-BD52-220758C89132}
		{A8C9B610-AE5F-4680-9663-9A202D12AE41} = {A8C9B610-AE5F-4680-9663-9A202D12AE41}
		{AB98CA5E-BBF0-41C7-B73A-A90B21A770A5} = {AB98CA5E-BBF0-41C7-B73A-A90B21A770A5}
		{AC73E65E-E161-4E55-994F-03DC98378592} = {AC73E65E-E161-4E55-994F-03DC98378592}
		{B7DC7F74-DDB1-450C-9A70-6C852CEA8A2C} = {B7DC7F74-DDB1-450C-9A70-6C852CEA8A2C}
		{C131303C-8DFB-4EBE-BCCE-77979A7DCACE} = {C131303C-8DFB-4EBE-BCCE-77979A7DCACE}
		{C6DEB987-8E8C-4A11-9B65-F5528FC2E543} = {C6DEB987-8E8C-4A11-9B65-F5528FC2E543}
		{CB992865-C2E0-4D4A-B6A6-E979076913C6} = {CB992865-C2E0-4D4A-B6A6-E979076913C6}
		{CE9026BE-14CC-40C0-8BA9-8C5383A37570} = {CE9026BE-14CC-40C0-8BA9-8C5383A37570}
		{D1176BF0-59EF-400B-B712-B6B7D5D7FEB7} = {D1176BF0-59EF-400B-B712-B6B7D5D7FEB7}
		{E87D3A3C-DB9D-417F-87E5-E43D693AE31F} = {E87D3A3C-DB9D-417F-87E5-E43D693AE31F}
		{E9129F36-4844-4D90-AFD0-13AB86B280C8} = {E9129F36-4844-4D90-AFD0-13AB86B280C8}
		{F4A09594-ADD7-4EDA-B09C-C42DE9089D3A} = {F4A09594-ADD7-4EDA-B09C-C42DE9089D3A}
	EndProjectSection
EndProject
Project("{930C7802-8A8C-48F9-8165-68863BCCD9DD}") = "TECkitPackageMM64bit", "Installer\TECkitPackage64bitMM\TECkitPackageMM64bit.wixproj", "{583CF928-C5BE-4518-9B5C-A8A7745BEE37}"
EndProject
Project("{930C7802-8A8C-48F9-8165-68863BCCD9DD}") = "SetupSILConverters", "Installer\SetupSILConverters\SetupSILConverters.wixproj", "{496C70F6-D12A-42C9-A892-ACE1C6981F52}"
	ProjectSection(ProjectDependencies) = postProject
		{348850E8-5C84-4C77-BA1A-220C6E48FA6E} = {348850E8-5C84-4C77-BA1A-220C6E48FA6E}
		{69CB9E94-E875-4B29-AB69-3BBFE8D467E8} = {69CB9E94-E875-4B29-AB69-3BBFE8D467E8}
	EndProjectSection
EndProject
Project("{2150E333-8FDC-42A3-9474-1A3956D46DE8}") = ".github", ".github", "{98EE519A-E7DE-42C2-8856-727E5CE8766C}"
EndProject
Project("{2150E333-8FDC-42A3-9474-1A3956D46DE8}") = "workflows", "workflows", "{C22EEAE5-C719-4664-85FA-B933344EB109}"
	ProjectSection(SolutionItems) = preProject
		.github\workflows\build.yml = .github\workflows\build.yml
	EndProjectSection
EndProject
Project("{FAE04EC0-301F-11D3-BF4B-00C04F79EFBC}") = "ParatextPluginBackTranslationHelper", "src\ParatextPluginBackTranslationHelper\ParatextPluginBackTranslationHelper.csproj", "{0BFFA5D9-FF49-4F16-BBC6-27F9394341A5}"
	ProjectSection(ProjectDependencies) = postProject
		{3998257F-C3E2-4508-9579-70305BDD26F7} = {3998257F-C3E2-4508-9579-70305BDD26F7}
	EndProjectSection
EndProject
Project("{911E67C6-3D85-4FCE-B560-20A9C3E3FF48}") = "Paratext", "..\..\..\..\..\Program Files\Paratext 9\Paratext.exe", "{EFB08270-BB85-4399-9950-7E5E41983110}"
	ProjectSection(DebuggerProjectSystem) = preProject
		PortSupplier = 00000000-0000-0000-0000-000000000000
		Executable = %ParatextInstallDir%\Paratext.exe
		RemoteMachine = DESKTOP-DFNURE6
		StartingDirectory = %ParatextInstallDir%
		Environment = Default
		LaunchingEngine = fb0d4648-f776-4980-95f8-bb7f36ebc1ee
		UseLegacyDebugEngines = No
		LaunchSQLEngine = No
		AttachLaunchAction = No
		IORedirection = Auto
	EndProjectSection
EndProject
Project("{930C7802-8A8C-48F9-8165-68863BCCD9DD}") = "ParatextBackTranslationHelperPlugin64bitMM", "Installer\ParatextBackTranslationHelperPlugin64bitMM\ParatextBackTranslationHelperPlugin64bitMM.wixproj", "{D1176BF0-59EF-400B-B712-B6B7D5D7FEB7}"
	ProjectSection(ProjectDependencies) = postProject
		{0BFFA5D9-FF49-4F16-BBC6-27F9394341A5} = {0BFFA5D9-FF49-4F16-BBC6-27F9394341A5}
		{3998257F-C3E2-4508-9579-70305BDD26F7} = {3998257F-C3E2-4508-9579-70305BDD26F7}
	EndProjectSection
EndProject
Global
	GlobalSection(SolutionConfigurationPlatforms) = preSolution
		Debug|x64 = Debug|x64
		Debug|x86 = Debug|x86
		Release|x64 = Release|x64
		Release|x86 = Release|x86
	EndGlobalSection
	GlobalSection(ProjectConfigurationPlatforms) = postSolution
		{909C3757-EF5F-4639-B208-E1EE82570585}.Debug|x64.ActiveCfg = Debug|x64
		{909C3757-EF5F-4639-B208-E1EE82570585}.Debug|x64.Build.0 = Debug|x64
		{909C3757-EF5F-4639-B208-E1EE82570585}.Debug|x86.ActiveCfg = Debug|x86
		{909C3757-EF5F-4639-B208-E1EE82570585}.Debug|x86.Build.0 = Debug|x86
		{909C3757-EF5F-4639-B208-E1EE82570585}.Release|x64.ActiveCfg = Release|x64
		{909C3757-EF5F-4639-B208-E1EE82570585}.Release|x64.Build.0 = Release|x64
		{909C3757-EF5F-4639-B208-E1EE82570585}.Release|x86.ActiveCfg = Release|x86
		{909C3757-EF5F-4639-B208-E1EE82570585}.Release|x86.Build.0 = Release|x86
		{3998257F-C3E2-4508-9579-70305BDD26F7}.Debug|x64.ActiveCfg = Debug|x64
		{3998257F-C3E2-4508-9579-70305BDD26F7}.Debug|x64.Build.0 = Debug|x64
		{3998257F-C3E2-4508-9579-70305BDD26F7}.Debug|x86.ActiveCfg = Debug|x86
		{3998257F-C3E2-4508-9579-70305BDD26F7}.Debug|x86.Build.0 = Debug|x86
		{3998257F-C3E2-4508-9579-70305BDD26F7}.Release|x64.ActiveCfg = Release|x64
		{3998257F-C3E2-4508-9579-70305BDD26F7}.Release|x64.Build.0 = Release|x64
		{3998257F-C3E2-4508-9579-70305BDD26F7}.Release|x86.ActiveCfg = Release|x86
		{3998257F-C3E2-4508-9579-70305BDD26F7}.Release|x86.Build.0 = Release|x86
		{99140A5E-9BBF-4B8E-B466-FFAFC484B919}.Debug|x64.ActiveCfg = Debug|x64
		{99140A5E-9BBF-4B8E-B466-FFAFC484B919}.Debug|x64.Build.0 = Debug|x64
		{99140A5E-9BBF-4B8E-B466-FFAFC484B919}.Debug|x86.ActiveCfg = Debug|x86
		{99140A5E-9BBF-4B8E-B466-FFAFC484B919}.Debug|x86.Build.0 = Debug|x86
		{99140A5E-9BBF-4B8E-B466-FFAFC484B919}.Release|x64.ActiveCfg = Release|x64
		{99140A5E-9BBF-4B8E-B466-FFAFC484B919}.Release|x64.Build.0 = Release|x64
		{99140A5E-9BBF-4B8E-B466-FFAFC484B919}.Release|x86.ActiveCfg = Release|x86
		{99140A5E-9BBF-4B8E-B466-FFAFC484B919}.Release|x86.Build.0 = Release|x86
		{46294EE5-E65C-485C-B88D-C4C95880281D}.Debug|x64.ActiveCfg = Debug|x64
		{46294EE5-E65C-485C-B88D-C4C95880281D}.Debug|x64.Build.0 = Debug|x64
		{46294EE5-E65C-485C-B88D-C4C95880281D}.Debug|x86.ActiveCfg = Debug|x86
		{46294EE5-E65C-485C-B88D-C4C95880281D}.Debug|x86.Build.0 = Debug|x86
		{46294EE5-E65C-485C-B88D-C4C95880281D}.Release|x64.ActiveCfg = Release|x64
		{46294EE5-E65C-485C-B88D-C4C95880281D}.Release|x64.Build.0 = Release|x64
		{46294EE5-E65C-485C-B88D-C4C95880281D}.Release|x86.ActiveCfg = Release|x86
		{46294EE5-E65C-485C-B88D-C4C95880281D}.Release|x86.Build.0 = Release|x86
		{491E4FD2-1434-43C4-8922-65A4E8EB3E13}.Debug|x64.ActiveCfg = Debug|x64
		{491E4FD2-1434-43C4-8922-65A4E8EB3E13}.Debug|x64.Build.0 = Debug|x64
		{491E4FD2-1434-43C4-8922-65A4E8EB3E13}.Debug|x86.ActiveCfg = Debug|x86
		{491E4FD2-1434-43C4-8922-65A4E8EB3E13}.Debug|x86.Build.0 = Debug|x86
		{491E4FD2-1434-43C4-8922-65A4E8EB3E13}.Release|x64.ActiveCfg = Release|x64
		{491E4FD2-1434-43C4-8922-65A4E8EB3E13}.Release|x64.Build.0 = Release|x64
		{491E4FD2-1434-43C4-8922-65A4E8EB3E13}.Release|x86.ActiveCfg = Release|x86
		{491E4FD2-1434-43C4-8922-65A4E8EB3E13}.Release|x86.Build.0 = Release|x86
		{34CB0325-9D82-4ADC-91FA-D065D11CB450}.Debug|x64.ActiveCfg = Debug|x64
		{34CB0325-9D82-4ADC-91FA-D065D11CB450}.Debug|x64.Build.0 = Debug|x64
		{34CB0325-9D82-4ADC-91FA-D065D11CB450}.Debug|x86.ActiveCfg = Debug|x86
		{34CB0325-9D82-4ADC-91FA-D065D11CB450}.Debug|x86.Build.0 = Debug|x86
		{34CB0325-9D82-4ADC-91FA-D065D11CB450}.Release|x64.ActiveCfg = Release|x64
		{34CB0325-9D82-4ADC-91FA-D065D11CB450}.Release|x64.Build.0 = Release|x64
		{34CB0325-9D82-4ADC-91FA-D065D11CB450}.Release|x86.ActiveCfg = Release|x86
		{34CB0325-9D82-4ADC-91FA-D065D11CB450}.Release|x86.Build.0 = Release|x86
		{9B2EC5A8-CA2E-45CF-8B0D-35AAF1BB9E51}.Debug|x64.ActiveCfg = Debug|x64
		{9B2EC5A8-CA2E-45CF-8B0D-35AAF1BB9E51}.Debug|x64.Build.0 = Debug|x64
		{9B2EC5A8-CA2E-45CF-8B0D-35AAF1BB9E51}.Debug|x86.ActiveCfg = Debug|x86
		{9B2EC5A8-CA2E-45CF-8B0D-35AAF1BB9E51}.Debug|x86.Build.0 = Debug|x86
		{9B2EC5A8-CA2E-45CF-8B0D-35AAF1BB9E51}.Release|x64.ActiveCfg = Release|x64
		{9B2EC5A8-CA2E-45CF-8B0D-35AAF1BB9E51}.Release|x64.Build.0 = Release|x64
		{9B2EC5A8-CA2E-45CF-8B0D-35AAF1BB9E51}.Release|x86.ActiveCfg = Release|x86
		{9B2EC5A8-CA2E-45CF-8B0D-35AAF1BB9E51}.Release|x86.Build.0 = Release|x86
		{F5C4BDEE-F760-45B5-942D-BA7CD4B9404A}.Debug|x64.ActiveCfg = Debug|x64
		{F5C4BDEE-F760-45B5-942D-BA7CD4B9404A}.Debug|x64.Build.0 = Debug|x64
		{F5C4BDEE-F760-45B5-942D-BA7CD4B9404A}.Debug|x86.ActiveCfg = Debug|x86
		{F5C4BDEE-F760-45B5-942D-BA7CD4B9404A}.Debug|x86.Build.0 = Debug|x86
		{F5C4BDEE-F760-45B5-942D-BA7CD4B9404A}.Release|x64.ActiveCfg = Release|x64
		{F5C4BDEE-F760-45B5-942D-BA7CD4B9404A}.Release|x64.Build.0 = Release|x64
		{F5C4BDEE-F760-45B5-942D-BA7CD4B9404A}.Release|x86.ActiveCfg = Release|x86
		{F5C4BDEE-F760-45B5-942D-BA7CD4B9404A}.Release|x86.Build.0 = Release|x86
		{7580E2C0-F919-4FA5-AC2C-ADCAE4F8C14E}.Debug|x64.ActiveCfg = Debug|x64
		{7580E2C0-F919-4FA5-AC2C-ADCAE4F8C14E}.Debug|x64.Build.0 = Debug|x64
		{7580E2C0-F919-4FA5-AC2C-ADCAE4F8C14E}.Debug|x86.ActiveCfg = Debug|x86
		{7580E2C0-F919-4FA5-AC2C-ADCAE4F8C14E}.Debug|x86.Build.0 = Debug|x86
		{7580E2C0-F919-4FA5-AC2C-ADCAE4F8C14E}.Release|x64.ActiveCfg = Release|x64
		{7580E2C0-F919-4FA5-AC2C-ADCAE4F8C14E}.Release|x64.Build.0 = Release|x64
		{7580E2C0-F919-4FA5-AC2C-ADCAE4F8C14E}.Release|x86.ActiveCfg = Release|x86
		{7580E2C0-F919-4FA5-AC2C-ADCAE4F8C14E}.Release|x86.Build.0 = Release|x86
		{546F0AA8-5A2B-40BD-BB27-A55015F1DA1A}.Debug|x64.ActiveCfg = Debug|x64
		{546F0AA8-5A2B-40BD-BB27-A55015F1DA1A}.Debug|x64.Build.0 = Debug|x64
		{546F0AA8-5A2B-40BD-BB27-A55015F1DA1A}.Debug|x86.ActiveCfg = Debug|x86
		{546F0AA8-5A2B-40BD-BB27-A55015F1DA1A}.Debug|x86.Build.0 = Debug|x86
		{546F0AA8-5A2B-40BD-BB27-A55015F1DA1A}.Release|x64.ActiveCfg = Release|x64
		{546F0AA8-5A2B-40BD-BB27-A55015F1DA1A}.Release|x64.Build.0 = Release|x64
		{546F0AA8-5A2B-40BD-BB27-A55015F1DA1A}.Release|x86.ActiveCfg = Release|x86
		{546F0AA8-5A2B-40BD-BB27-A55015F1DA1A}.Release|x86.Build.0 = Release|x86
		{9868CB93-0F3C-41AE-9638-C6F0E2DA4F41}.Debug|x64.ActiveCfg = Debug|x64
		{9868CB93-0F3C-41AE-9638-C6F0E2DA4F41}.Debug|x64.Build.0 = Debug|x64
		{9868CB93-0F3C-41AE-9638-C6F0E2DA4F41}.Debug|x86.ActiveCfg = Debug|x86
		{9868CB93-0F3C-41AE-9638-C6F0E2DA4F41}.Debug|x86.Build.0 = Debug|x86
		{9868CB93-0F3C-41AE-9638-C6F0E2DA4F41}.Release|x64.ActiveCfg = Release|x64
		{9868CB93-0F3C-41AE-9638-C6F0E2DA4F41}.Release|x64.Build.0 = Release|x64
		{9868CB93-0F3C-41AE-9638-C6F0E2DA4F41}.Release|x86.ActiveCfg = Release|x86
		{9868CB93-0F3C-41AE-9638-C6F0E2DA4F41}.Release|x86.Build.0 = Release|x86
		{1514880B-9F3C-4BDA-BAFF-0B09DF049EB7}.Debug|x64.ActiveCfg = Debug|x64
		{1514880B-9F3C-4BDA-BAFF-0B09DF049EB7}.Debug|x64.Build.0 = Debug|x64
		{1514880B-9F3C-4BDA-BAFF-0B09DF049EB7}.Debug|x86.ActiveCfg = Debug|x86
		{1514880B-9F3C-4BDA-BAFF-0B09DF049EB7}.Debug|x86.Build.0 = Debug|x86
		{1514880B-9F3C-4BDA-BAFF-0B09DF049EB7}.Release|x64.ActiveCfg = Release|x64
		{1514880B-9F3C-4BDA-BAFF-0B09DF049EB7}.Release|x64.Build.0 = Release|x64
		{1514880B-9F3C-4BDA-BAFF-0B09DF049EB7}.Release|x86.ActiveCfg = Release|x86
		{1514880B-9F3C-4BDA-BAFF-0B09DF049EB7}.Release|x86.Build.0 = Release|x86
		{E14F1167-2328-4015-A99D-9A2B0CD5A662}.Debug|x64.ActiveCfg = Debug|x64
		{E14F1167-2328-4015-A99D-9A2B0CD5A662}.Debug|x64.Build.0 = Debug|x64
		{E14F1167-2328-4015-A99D-9A2B0CD5A662}.Debug|x86.ActiveCfg = Debug|Win32
		{E14F1167-2328-4015-A99D-9A2B0CD5A662}.Debug|x86.Build.0 = Debug|Win32
		{E14F1167-2328-4015-A99D-9A2B0CD5A662}.Release|x64.ActiveCfg = Release|x64
		{E14F1167-2328-4015-A99D-9A2B0CD5A662}.Release|x64.Build.0 = Release|x64
		{E14F1167-2328-4015-A99D-9A2B0CD5A662}.Release|x86.ActiveCfg = Release|Win32
		{E14F1167-2328-4015-A99D-9A2B0CD5A662}.Release|x86.Build.0 = Release|Win32
		{DE3D6498-EDB6-4CE0-AB7A-B3BEA1B15A48}.Debug|x64.ActiveCfg = Debug|x64
		{DE3D6498-EDB6-4CE0-AB7A-B3BEA1B15A48}.Debug|x64.Build.0 = Debug|x64
		{DE3D6498-EDB6-4CE0-AB7A-B3BEA1B15A48}.Debug|x86.ActiveCfg = Debug|x86
		{DE3D6498-EDB6-4CE0-AB7A-B3BEA1B15A48}.Debug|x86.Build.0 = Debug|x86
		{DE3D6498-EDB6-4CE0-AB7A-B3BEA1B15A48}.Release|x64.ActiveCfg = Release|x64
		{DE3D6498-EDB6-4CE0-AB7A-B3BEA1B15A48}.Release|x64.Build.0 = Release|x64
		{DE3D6498-EDB6-4CE0-AB7A-B3BEA1B15A48}.Release|x86.ActiveCfg = Release|x86
		{DE3D6498-EDB6-4CE0-AB7A-B3BEA1B15A48}.Release|x86.Build.0 = Release|x86
		{348850E8-5C84-4C77-BA1A-220C6E48FA6E}.Debug|x64.ActiveCfg = Debug|x86
		{348850E8-5C84-4C77-BA1A-220C6E48FA6E}.Debug|x86.ActiveCfg = Debug|x86
		{348850E8-5C84-4C77-BA1A-220C6E48FA6E}.Release|x64.ActiveCfg = Release|x86
		{348850E8-5C84-4C77-BA1A-220C6E48FA6E}.Release|x86.ActiveCfg = Release|x86
		{348850E8-5C84-4C77-BA1A-220C6E48FA6E}.Release|x86.Build.0 = Release|x86
		{7FCA01F9-3AAC-4C4F-B0DB-DC1F76757C97}.Debug|x64.ActiveCfg = Debug|x86
		{7FCA01F9-3AAC-4C4F-B0DB-DC1F76757C97}.Debug|x86.ActiveCfg = Debug|x86
		{7FCA01F9-3AAC-4C4F-B0DB-DC1F76757C97}.Release|x64.ActiveCfg = Release|x86
		{7FCA01F9-3AAC-4C4F-B0DB-DC1F76757C97}.Release|x86.ActiveCfg = Release|x86
		{7FCA01F9-3AAC-4C4F-B0DB-DC1F76757C97}.Release|x86.Build.0 = Release|x86
		{CBF191C2-D37D-45B1-A945-394D802B16C2}.Debug|x64.ActiveCfg = Debug|x86
		{CBF191C2-D37D-45B1-A945-394D802B16C2}.Debug|x86.ActiveCfg = Debug|x86
		{CBF191C2-D37D-45B1-A945-394D802B16C2}.Release|x64.ActiveCfg = Release|x86
		{CBF191C2-D37D-45B1-A945-394D802B16C2}.Release|x86.ActiveCfg = Release|x86
		{CBF191C2-D37D-45B1-A945-394D802B16C2}.Release|x86.Build.0 = Release|x86
		{A5581AA0-44B7-4713-BD52-220758C89132}.Debug|x64.ActiveCfg = Debug|x86
		{A5581AA0-44B7-4713-BD52-220758C89132}.Debug|x86.ActiveCfg = Debug|x86
		{A5581AA0-44B7-4713-BD52-220758C89132}.Release|x64.ActiveCfg = Release|x86
		{A5581AA0-44B7-4713-BD52-220758C89132}.Release|x64.Build.0 = Release|x86
		{A5581AA0-44B7-4713-BD52-220758C89132}.Release|x86.ActiveCfg = Release|x86
		{A5581AA0-44B7-4713-BD52-220758C89132}.Release|x86.Build.0 = Release|x86
		{676611A5-0798-4633-B4FD-50784FA244DB}.Debug|x64.ActiveCfg = Debug|x86
		{676611A5-0798-4633-B4FD-50784FA244DB}.Debug|x86.ActiveCfg = Debug|x86
		{676611A5-0798-4633-B4FD-50784FA244DB}.Release|x64.ActiveCfg = Release|x86
		{676611A5-0798-4633-B4FD-50784FA244DB}.Release|x86.ActiveCfg = Release|x86
		{676611A5-0798-4633-B4FD-50784FA244DB}.Release|x86.Build.0 = Release|x86
		{8D50BF2D-947B-4974-B99C-A8A11873D0BC}.Debug|x64.ActiveCfg = Debug|x86
		{8D50BF2D-947B-4974-B99C-A8A11873D0BC}.Debug|x86.ActiveCfg = Debug|x86
		{8D50BF2D-947B-4974-B99C-A8A11873D0BC}.Release|x64.ActiveCfg = Release|x86
		{8D50BF2D-947B-4974-B99C-A8A11873D0BC}.Release|x64.Build.0 = Release|x86
		{8D50BF2D-947B-4974-B99C-A8A11873D0BC}.Release|x86.ActiveCfg = Release|x86
		{8D50BF2D-947B-4974-B99C-A8A11873D0BC}.Release|x86.Build.0 = Release|x86
		{01CB9891-9EB1-4DAE-A46A-CF9FFE9187CA}.Debug|x64.ActiveCfg = Debug|x86
		{01CB9891-9EB1-4DAE-A46A-CF9FFE9187CA}.Debug|x86.ActiveCfg = Debug|x86
		{01CB9891-9EB1-4DAE-A46A-CF9FFE9187CA}.Release|x64.ActiveCfg = Release|x86
		{01CB9891-9EB1-4DAE-A46A-CF9FFE9187CA}.Release|x64.Build.0 = Release|x86
		{01CB9891-9EB1-4DAE-A46A-CF9FFE9187CA}.Release|x86.ActiveCfg = Release|x86
		{01CB9891-9EB1-4DAE-A46A-CF9FFE9187CA}.Release|x86.Build.0 = Release|x86
		{98162DFC-C99A-4848-A00F-C793992CE7A3}.Debug|x64.ActiveCfg = Debug|x86
		{98162DFC-C99A-4848-A00F-C793992CE7A3}.Debug|x86.ActiveCfg = Debug|x86
		{98162DFC-C99A-4848-A00F-C793992CE7A3}.Release|x64.ActiveCfg = Release|x86
		{98162DFC-C99A-4848-A00F-C793992CE7A3}.Release|x64.Build.0 = Release|x86
		{98162DFC-C99A-4848-A00F-C793992CE7A3}.Release|x86.ActiveCfg = Release|x86
		{98162DFC-C99A-4848-A00F-C793992CE7A3}.Release|x86.Build.0 = Release|x86
		{F4A09594-ADD7-4EDA-B09C-C42DE9089D3A}.Debug|x64.ActiveCfg = Debug|x86
		{F4A09594-ADD7-4EDA-B09C-C42DE9089D3A}.Debug|x86.ActiveCfg = Debug|x86
		{F4A09594-ADD7-4EDA-B09C-C42DE9089D3A}.Release|x64.ActiveCfg = Release|x86
		{F4A09594-ADD7-4EDA-B09C-C42DE9089D3A}.Release|x64.Build.0 = Release|x86
		{F4A09594-ADD7-4EDA-B09C-C42DE9089D3A}.Release|x86.ActiveCfg = Release|x86
		{F4A09594-ADD7-4EDA-B09C-C42DE9089D3A}.Release|x86.Build.0 = Release|x86
		{AC73E65E-E161-4E55-994F-03DC98378592}.Debug|x64.ActiveCfg = Debug|x86
		{AC73E65E-E161-4E55-994F-03DC98378592}.Debug|x86.ActiveCfg = Debug|x86
		{AC73E65E-E161-4E55-994F-03DC98378592}.Release|x64.ActiveCfg = Release|x86
		{AC73E65E-E161-4E55-994F-03DC98378592}.Release|x64.Build.0 = Release|x86
		{AC73E65E-E161-4E55-994F-03DC98378592}.Release|x86.ActiveCfg = Release|x86
		{AC73E65E-E161-4E55-994F-03DC98378592}.Release|x86.Build.0 = Release|x86
		{7FBDEB9E-428F-4AC2-9C03-C59E9C93786D}.Debug|x64.ActiveCfg = Debug|x86
		{7FBDEB9E-428F-4AC2-9C03-C59E9C93786D}.Debug|x86.ActiveCfg = Debug|x86
		{7FBDEB9E-428F-4AC2-9C03-C59E9C93786D}.Release|x64.ActiveCfg = Release|x86
		{7FBDEB9E-428F-4AC2-9C03-C59E9C93786D}.Release|x64.Build.0 = Release|x86
		{7FBDEB9E-428F-4AC2-9C03-C59E9C93786D}.Release|x86.ActiveCfg = Release|x86
		{7FBDEB9E-428F-4AC2-9C03-C59E9C93786D}.Release|x86.Build.0 = Release|x86
		{C131303C-8DFB-4EBE-BCCE-77979A7DCACE}.Debug|x64.ActiveCfg = Debug|x86
		{C131303C-8DFB-4EBE-BCCE-77979A7DCACE}.Debug|x86.ActiveCfg = Debug|x86
		{C131303C-8DFB-4EBE-BCCE-77979A7DCACE}.Release|x64.ActiveCfg = Release|x86
		{C131303C-8DFB-4EBE-BCCE-77979A7DCACE}.Release|x64.Build.0 = Release|x86
		{C131303C-8DFB-4EBE-BCCE-77979A7DCACE}.Release|x86.ActiveCfg = Release|x86
		{C131303C-8DFB-4EBE-BCCE-77979A7DCACE}.Release|x86.Build.0 = Release|x86
		{75E64B73-8DE7-48DC-9452-06088F93883E}.Debug|x64.ActiveCfg = Debug|x86
		{75E64B73-8DE7-48DC-9452-06088F93883E}.Debug|x86.ActiveCfg = Debug|x86
		{75E64B73-8DE7-48DC-9452-06088F93883E}.Release|x64.ActiveCfg = Release|x86
		{75E64B73-8DE7-48DC-9452-06088F93883E}.Release|x64.Build.0 = Release|x86
		{75E64B73-8DE7-48DC-9452-06088F93883E}.Release|x86.ActiveCfg = Release|x86
		{75E64B73-8DE7-48DC-9452-06088F93883E}.Release|x86.Build.0 = Release|x86
		{6C99D961-BE2C-41EA-A151-9A716745B9B4}.Debug|x64.ActiveCfg = Debug|x86
		{6C99D961-BE2C-41EA-A151-9A716745B9B4}.Debug|x86.ActiveCfg = Debug|x86
		{6C99D961-BE2C-41EA-A151-9A716745B9B4}.Release|x64.ActiveCfg = Release|x86
		{6C99D961-BE2C-41EA-A151-9A716745B9B4}.Release|x86.ActiveCfg = Release|x86
		{6C99D961-BE2C-41EA-A151-9A716745B9B4}.Release|x86.Build.0 = Release|x86
		{614DF586-9685-40A9-94EB-977757B6860B}.Debug|x64.ActiveCfg = Debug|x86
		{614DF586-9685-40A9-94EB-977757B6860B}.Debug|x86.ActiveCfg = Debug|x86
		{614DF586-9685-40A9-94EB-977757B6860B}.Release|x64.ActiveCfg = Release|x86
		{614DF586-9685-40A9-94EB-977757B6860B}.Release|x64.Build.0 = Release|x86
		{614DF586-9685-40A9-94EB-977757B6860B}.Release|x86.ActiveCfg = Release|x86
		{614DF586-9685-40A9-94EB-977757B6860B}.Release|x86.Build.0 = Release|x86
		{589A2517-21F6-4E35-8027-9CDBD059C0F7}.Debug|x64.ActiveCfg = Debug|x86
		{589A2517-21F6-4E35-8027-9CDBD059C0F7}.Debug|x86.ActiveCfg = Debug|x86
		{589A2517-21F6-4E35-8027-9CDBD059C0F7}.Release|x64.ActiveCfg = Release|x86
		{589A2517-21F6-4E35-8027-9CDBD059C0F7}.Release|x64.Build.0 = Release|x86
		{589A2517-21F6-4E35-8027-9CDBD059C0F7}.Release|x86.ActiveCfg = Release|x86
		{589A2517-21F6-4E35-8027-9CDBD059C0F7}.Release|x86.Build.0 = Release|x86
		{7527E87C-EEA7-4C2B-87EB-A5F1C4B87583}.Debug|x64.ActiveCfg = Debug|x86
		{7527E87C-EEA7-4C2B-87EB-A5F1C4B87583}.Debug|x86.ActiveCfg = Debug|x86
		{7527E87C-EEA7-4C2B-87EB-A5F1C4B87583}.Release|x64.ActiveCfg = Release|x86
		{7527E87C-EEA7-4C2B-87EB-A5F1C4B87583}.Release|x64.Build.0 = Release|x86
		{7527E87C-EEA7-4C2B-87EB-A5F1C4B87583}.Release|x86.ActiveCfg = Release|x86
		{7527E87C-EEA7-4C2B-87EB-A5F1C4B87583}.Release|x86.Build.0 = Release|x86
		{30E61FED-CCA8-42D5-8489-5D9622442AA5}.Debug|x64.ActiveCfg = Debug|x86
		{30E61FED-CCA8-42D5-8489-5D9622442AA5}.Debug|x86.ActiveCfg = Debug|x86
		{30E61FED-CCA8-42D5-8489-5D9622442AA5}.Release|x64.ActiveCfg = Release|x86
		{30E61FED-CCA8-42D5-8489-5D9622442AA5}.Release|x86.ActiveCfg = Release|x86
		{30E61FED-CCA8-42D5-8489-5D9622442AA5}.Release|x86.Build.0 = Release|x86
		{BBEC105B-6F77-427B-9141-EC9A042919E9}.Debug|x64.ActiveCfg = Debug|x86
		{BBEC105B-6F77-427B-9141-EC9A042919E9}.Debug|x86.ActiveCfg = Debug|x86
		{BBEC105B-6F77-427B-9141-EC9A042919E9}.Release|x64.ActiveCfg = Release|x86
		{BBEC105B-6F77-427B-9141-EC9A042919E9}.Release|x86.ActiveCfg = Release|x86
		{BBEC105B-6F77-427B-9141-EC9A042919E9}.Release|x86.Build.0 = Release|x86
		{ED390F3C-3E5E-4550-8A9B-D50F11B0BB6C}.Debug|x64.ActiveCfg = Debug|x86
		{ED390F3C-3E5E-4550-8A9B-D50F11B0BB6C}.Debug|x86.ActiveCfg = Debug|x86
		{ED390F3C-3E5E-4550-8A9B-D50F11B0BB6C}.Release|x64.ActiveCfg = Release|x86
		{ED390F3C-3E5E-4550-8A9B-D50F11B0BB6C}.Release|x86.ActiveCfg = Release|x86
		{ED390F3C-3E5E-4550-8A9B-D50F11B0BB6C}.Release|x86.Build.0 = Release|x86
		{CB91D9D5-D97C-4E7E-A595-FA2565A50813}.Debug|x64.ActiveCfg = Debug|x64
		{CB91D9D5-D97C-4E7E-A595-FA2565A50813}.Debug|x64.Build.0 = Debug|x64
		{CB91D9D5-D97C-4E7E-A595-FA2565A50813}.Debug|x86.ActiveCfg = Debug|Win32
		{CB91D9D5-D97C-4E7E-A595-FA2565A50813}.Debug|x86.Build.0 = Debug|Win32
		{CB91D9D5-D97C-4E7E-A595-FA2565A50813}.Release|x64.ActiveCfg = Release|x64
		{CB91D9D5-D97C-4E7E-A595-FA2565A50813}.Release|x64.Build.0 = Release|x64
		{CB91D9D5-D97C-4E7E-A595-FA2565A50813}.Release|x86.ActiveCfg = Release|Win32
		{CB91D9D5-D97C-4E7E-A595-FA2565A50813}.Release|x86.Build.0 = Release|Win32
		{AE428BD8-FEFD-4790-8A71-035780C33C2D}.Debug|x64.ActiveCfg = Debug|x64
		{AE428BD8-FEFD-4790-8A71-035780C33C2D}.Debug|x64.Build.0 = Debug|x64
		{AE428BD8-FEFD-4790-8A71-035780C33C2D}.Debug|x86.ActiveCfg = Debug|x86
		{AE428BD8-FEFD-4790-8A71-035780C33C2D}.Debug|x86.Build.0 = Debug|x86
		{AE428BD8-FEFD-4790-8A71-035780C33C2D}.Release|x64.ActiveCfg = Release|x64
		{AE428BD8-FEFD-4790-8A71-035780C33C2D}.Release|x64.Build.0 = Release|x64
		{AE428BD8-FEFD-4790-8A71-035780C33C2D}.Release|x86.ActiveCfg = Release|x86
		{AE428BD8-FEFD-4790-8A71-035780C33C2D}.Release|x86.Build.0 = Release|x86
		{25023379-697F-42B8-B952-F97AA0797B1E}.Debug|x64.ActiveCfg = Debug|x86
		{25023379-697F-42B8-B952-F97AA0797B1E}.Debug|x86.ActiveCfg = Debug|x86
		{25023379-697F-42B8-B952-F97AA0797B1E}.Release|x64.ActiveCfg = Release|x86
		{25023379-697F-42B8-B952-F97AA0797B1E}.Release|x86.ActiveCfg = Release|x86
		{25023379-697F-42B8-B952-F97AA0797B1E}.Release|x86.Build.0 = Release|x86
		{1CA3AE14-33FD-4338-85FA-8C68B7A34F4F}.Debug|x64.ActiveCfg = Debug|x64
		{1CA3AE14-33FD-4338-85FA-8C68B7A34F4F}.Debug|x64.Build.0 = Debug|x64
		{1CA3AE14-33FD-4338-85FA-8C68B7A34F4F}.Debug|x86.ActiveCfg = Debug|Win32
		{1CA3AE14-33FD-4338-85FA-8C68B7A34F4F}.Debug|x86.Build.0 = Debug|Win32
		{1CA3AE14-33FD-4338-85FA-8C68B7A34F4F}.Release|x64.ActiveCfg = Release|x64
		{1CA3AE14-33FD-4338-85FA-8C68B7A34F4F}.Release|x64.Build.0 = Release|x64
		{1CA3AE14-33FD-4338-85FA-8C68B7A34F4F}.Release|x86.ActiveCfg = Release|Win32
		{1CA3AE14-33FD-4338-85FA-8C68B7A34F4F}.Release|x86.Build.0 = Release|Win32
		{7111B199-64D0-4A59-852C-C24E0E4F9000}.Debug|x64.ActiveCfg = Debug|x64
		{7111B199-64D0-4A59-852C-C24E0E4F9000}.Debug|x64.Build.0 = Debug|x64
		{7111B199-64D0-4A59-852C-C24E0E4F9000}.Debug|x86.ActiveCfg = Debug|x86
		{7111B199-64D0-4A59-852C-C24E0E4F9000}.Debug|x86.Build.0 = Debug|x86
		{7111B199-64D0-4A59-852C-C24E0E4F9000}.Release|x64.ActiveCfg = Release|x64
		{7111B199-64D0-4A59-852C-C24E0E4F9000}.Release|x64.Build.0 = Release|x64
		{7111B199-64D0-4A59-852C-C24E0E4F9000}.Release|x86.ActiveCfg = Release|x86
		{7111B199-64D0-4A59-852C-C24E0E4F9000}.Release|x86.Build.0 = Release|x86
		{860E5E0E-741D-495E-9D55-FF26522F43DC}.Debug|x64.ActiveCfg = Debug|x86
		{860E5E0E-741D-495E-9D55-FF26522F43DC}.Debug|x86.ActiveCfg = Debug|x86
		{860E5E0E-741D-495E-9D55-FF26522F43DC}.Release|x64.ActiveCfg = Release|x86
		{860E5E0E-741D-495E-9D55-FF26522F43DC}.Release|x86.ActiveCfg = Release|x86
		{860E5E0E-741D-495E-9D55-FF26522F43DC}.Release|x86.Build.0 = Release|x86
		{C6DEB987-8E8C-4A11-9B65-F5528FC2E543}.Debug|x64.ActiveCfg = Debug|x86
		{C6DEB987-8E8C-4A11-9B65-F5528FC2E543}.Debug|x86.ActiveCfg = Debug|x86
		{C6DEB987-8E8C-4A11-9B65-F5528FC2E543}.Release|x64.ActiveCfg = Release|x86
		{C6DEB987-8E8C-4A11-9B65-F5528FC2E543}.Release|x86.ActiveCfg = Release|x86
		{C6DEB987-8E8C-4A11-9B65-F5528FC2E543}.Release|x86.Build.0 = Release|x86
		{204B5A05-E20D-47BB-8C14-9120DD5F726B}.Debug|x64.ActiveCfg = Debug|x64
		{204B5A05-E20D-47BB-8C14-9120DD5F726B}.Debug|x64.Build.0 = Debug|x64
		{204B5A05-E20D-47BB-8C14-9120DD5F726B}.Debug|x86.ActiveCfg = Debug|x86
		{204B5A05-E20D-47BB-8C14-9120DD5F726B}.Debug|x86.Build.0 = Debug|x86
		{204B5A05-E20D-47BB-8C14-9120DD5F726B}.Release|x64.ActiveCfg = Release|x64
		{204B5A05-E20D-47BB-8C14-9120DD5F726B}.Release|x64.Build.0 = Release|x64
		{204B5A05-E20D-47BB-8C14-9120DD5F726B}.Release|x86.ActiveCfg = Release|x86
		{204B5A05-E20D-47BB-8C14-9120DD5F726B}.Release|x86.Build.0 = Release|x86
		{F165FAB3-8AD5-4335-B692-AAFDC5E29B66}.Debug|x64.ActiveCfg = Debug|x64
		{F165FAB3-8AD5-4335-B692-AAFDC5E29B66}.Debug|x64.Build.0 = Debug|x64
		{F165FAB3-8AD5-4335-B692-AAFDC5E29B66}.Debug|x86.ActiveCfg = Debug|x86
		{F165FAB3-8AD5-4335-B692-AAFDC5E29B66}.Debug|x86.Build.0 = Debug|x86
		{F165FAB3-8AD5-4335-B692-AAFDC5E29B66}.Release|x64.ActiveCfg = Release|x64
		{F165FAB3-8AD5-4335-B692-AAFDC5E29B66}.Release|x64.Build.0 = Release|x64
		{F165FAB3-8AD5-4335-B692-AAFDC5E29B66}.Release|x86.ActiveCfg = Release|x86
		{F165FAB3-8AD5-4335-B692-AAFDC5E29B66}.Release|x86.Build.0 = Release|x86
		{CADB97B2-CB7D-4DD1-9C7A-06320B8CF352}.Debug|x64.ActiveCfg = Debug|x64
		{CADB97B2-CB7D-4DD1-9C7A-06320B8CF352}.Debug|x64.Build.0 = Debug|x64
		{CADB97B2-CB7D-4DD1-9C7A-06320B8CF352}.Debug|x86.ActiveCfg = Debug|Win32
		{CADB97B2-CB7D-4DD1-9C7A-06320B8CF352}.Debug|x86.Build.0 = Debug|Win32
		{CADB97B2-CB7D-4DD1-9C7A-06320B8CF352}.Release|x64.ActiveCfg = Release|x64
		{CADB97B2-CB7D-4DD1-9C7A-06320B8CF352}.Release|x64.Build.0 = Release|x64
		{CADB97B2-CB7D-4DD1-9C7A-06320B8CF352}.Release|x86.ActiveCfg = Release|Win32
		{CADB97B2-CB7D-4DD1-9C7A-06320B8CF352}.Release|x86.Build.0 = Release|Win32
		{6DE3379A-152F-47AC-8F94-B96E59A9478A}.Debug|x64.ActiveCfg = Debug|x64
		{6DE3379A-152F-47AC-8F94-B96E59A9478A}.Debug|x64.Build.0 = Debug|x64
		{6DE3379A-152F-47AC-8F94-B96E59A9478A}.Debug|x86.ActiveCfg = Debug|x86
		{6DE3379A-152F-47AC-8F94-B96E59A9478A}.Debug|x86.Build.0 = Debug|x86
		{6DE3379A-152F-47AC-8F94-B96E59A9478A}.Release|x64.ActiveCfg = Release|x64
		{6DE3379A-152F-47AC-8F94-B96E59A9478A}.Release|x64.Build.0 = Release|x64
		{6DE3379A-152F-47AC-8F94-B96E59A9478A}.Release|x86.ActiveCfg = Release|x86
		{6DE3379A-152F-47AC-8F94-B96E59A9478A}.Release|x86.Build.0 = Release|x86
		{8B219EF0-68AF-4F24-98CB-022E3505C43D}.Debug|x64.ActiveCfg = Debug|x86
		{8B219EF0-68AF-4F24-98CB-022E3505C43D}.Debug|x86.ActiveCfg = Debug|x86
		{8B219EF0-68AF-4F24-98CB-022E3505C43D}.Release|x64.ActiveCfg = Release|x86
		{8B219EF0-68AF-4F24-98CB-022E3505C43D}.Release|x86.ActiveCfg = Release|x86
		{8B219EF0-68AF-4F24-98CB-022E3505C43D}.Release|x86.Build.0 = Release|x86
		{0323895C-80C5-4BA9-A9C6-A5C54BC1FB10}.Debug|x64.ActiveCfg = Debug|x86
		{0323895C-80C5-4BA9-A9C6-A5C54BC1FB10}.Debug|x86.ActiveCfg = Debug|x86
		{0323895C-80C5-4BA9-A9C6-A5C54BC1FB10}.Release|x64.ActiveCfg = Release|x86
		{0323895C-80C5-4BA9-A9C6-A5C54BC1FB10}.Release|x86.ActiveCfg = Release|x86
		{0323895C-80C5-4BA9-A9C6-A5C54BC1FB10}.Release|x86.Build.0 = Release|x86
		{56CD838B-02F5-453B-87A8-7D22F4FDAA78}.Debug|x64.ActiveCfg = Debug|x86
		{56CD838B-02F5-453B-87A8-7D22F4FDAA78}.Debug|x86.ActiveCfg = Debug|x86
		{56CD838B-02F5-453B-87A8-7D22F4FDAA78}.Release|x64.ActiveCfg = Release|x86
		{56CD838B-02F5-453B-87A8-7D22F4FDAA78}.Release|x86.ActiveCfg = Release|x86
		{56CD838B-02F5-453B-87A8-7D22F4FDAA78}.Release|x86.Build.0 = Release|x86
		{A47FAA01-CF41-4FDC-BBF9-594E70DC967F}.Debug|x64.ActiveCfg = Debug|x86
		{A47FAA01-CF41-4FDC-BBF9-594E70DC967F}.Debug|x86.ActiveCfg = Debug|x86
		{A47FAA01-CF41-4FDC-BBF9-594E70DC967F}.Release|x64.ActiveCfg = Release|x86
		{A47FAA01-CF41-4FDC-BBF9-594E70DC967F}.Release|x86.ActiveCfg = Release|x86
		{A47FAA01-CF41-4FDC-BBF9-594E70DC967F}.Release|x86.Build.0 = Release|x86
		{AB98CA5E-BBF0-41C7-B73A-A90B21A770A5}.Debug|x64.ActiveCfg = Debug|x86
		{AB98CA5E-BBF0-41C7-B73A-A90B21A770A5}.Debug|x86.ActiveCfg = Debug|x86
		{AB98CA5E-BBF0-41C7-B73A-A90B21A770A5}.Release|x64.ActiveCfg = Release|x86
		{AB98CA5E-BBF0-41C7-B73A-A90B21A770A5}.Release|x64.Build.0 = Release|x86
		{AB98CA5E-BBF0-41C7-B73A-A90B21A770A5}.Release|x86.ActiveCfg = Release|x86
		{AB98CA5E-BBF0-41C7-B73A-A90B21A770A5}.Release|x86.Build.0 = Release|x86
		{CB992865-C2E0-4D4A-B6A6-E979076913C6}.Debug|x64.ActiveCfg = Debug|x86
		{CB992865-C2E0-4D4A-B6A6-E979076913C6}.Debug|x86.ActiveCfg = Debug|x86
		{CB992865-C2E0-4D4A-B6A6-E979076913C6}.Release|x64.ActiveCfg = Release|x86
		{CB992865-C2E0-4D4A-B6A6-E979076913C6}.Release|x64.Build.0 = Release|x86
		{CB992865-C2E0-4D4A-B6A6-E979076913C6}.Release|x86.ActiveCfg = Release|x86
		{CB992865-C2E0-4D4A-B6A6-E979076913C6}.Release|x86.Build.0 = Release|x86
		{906F2914-563F-4B12-8AC9-54117D29D2B5}.Debug|x64.ActiveCfg = Debug|x86
		{906F2914-563F-4B12-8AC9-54117D29D2B5}.Debug|x86.ActiveCfg = Debug|x86
		{906F2914-563F-4B12-8AC9-54117D29D2B5}.Release|x64.ActiveCfg = Release|x86
		{906F2914-563F-4B12-8AC9-54117D29D2B5}.Release|x86.ActiveCfg = Release|x86
		{906F2914-563F-4B12-8AC9-54117D29D2B5}.Release|x86.Build.0 = Release|x86
		{E87D3A3C-DB9D-417F-87E5-E43D693AE31F}.Debug|x64.ActiveCfg = Debug|x86
		{E87D3A3C-DB9D-417F-87E5-E43D693AE31F}.Debug|x86.ActiveCfg = Debug|x86
		{E87D3A3C-DB9D-417F-87E5-E43D693AE31F}.Release|x64.ActiveCfg = Release|x86
		{E87D3A3C-DB9D-417F-87E5-E43D693AE31F}.Release|x64.Build.0 = Release|x86
		{E87D3A3C-DB9D-417F-87E5-E43D693AE31F}.Release|x86.ActiveCfg = Release|x86
		{E87D3A3C-DB9D-417F-87E5-E43D693AE31F}.Release|x86.Build.0 = Release|x86
		{BBB72651-5FDA-4B91-82C3-9A11298E05E4}.Debug|x64.ActiveCfg = Debug|x86
		{BBB72651-5FDA-4B91-82C3-9A11298E05E4}.Debug|x86.ActiveCfg = Debug|x86
		{BBB72651-5FDA-4B91-82C3-9A11298E05E4}.Release|x64.ActiveCfg = Release|x86
		{BBB72651-5FDA-4B91-82C3-9A11298E05E4}.Release|x86.ActiveCfg = Release|x86
		{BBB72651-5FDA-4B91-82C3-9A11298E05E4}.Release|x86.Build.0 = Release|x86
		{2623757C-75EE-495F-88A3-543C66C6AF08}.Debug|x64.ActiveCfg = Debug|x86
		{2623757C-75EE-495F-88A3-543C66C6AF08}.Debug|x86.ActiveCfg = Debug|x86
		{2623757C-75EE-495F-88A3-543C66C6AF08}.Release|x64.ActiveCfg = Release|x86
		{2623757C-75EE-495F-88A3-543C66C6AF08}.Release|x64.Build.0 = Release|x86
		{2623757C-75EE-495F-88A3-543C66C6AF08}.Release|x86.ActiveCfg = Release|x86
		{2623757C-75EE-495F-88A3-543C66C6AF08}.Release|x86.Build.0 = Release|x86
		{A8C9B610-AE5F-4680-9663-9A202D12AE41}.Debug|x64.ActiveCfg = Debug|x64
		{A8C9B610-AE5F-4680-9663-9A202D12AE41}.Debug|x86.ActiveCfg = Debug|x64
		{A8C9B610-AE5F-4680-9663-9A202D12AE41}.Release|x64.ActiveCfg = Release|x64
		{A8C9B610-AE5F-4680-9663-9A202D12AE41}.Release|x64.Build.0 = Release|x64
		{A8C9B610-AE5F-4680-9663-9A202D12AE41}.Release|x86.ActiveCfg = Release|x64
		{8C0C831B-6593-4402-B978-A68107743910}.Debug|x64.ActiveCfg = Debug|x86
		{8C0C831B-6593-4402-B978-A68107743910}.Debug|x86.ActiveCfg = Debug|x86
		{8C0C831B-6593-4402-B978-A68107743910}.Release|x64.ActiveCfg = Release|x86
		{8C0C831B-6593-4402-B978-A68107743910}.Release|x86.ActiveCfg = Release|x86
		{8C0C831B-6593-4402-B978-A68107743910}.Release|x86.Build.0 = Release|x86
		{9B74C3A2-DCCD-44F0-9804-D1EE27150890}.Debug|x64.ActiveCfg = Debug|x64
		{9B74C3A2-DCCD-44F0-9804-D1EE27150890}.Debug|x86.ActiveCfg = Debug|x64
		{9B74C3A2-DCCD-44F0-9804-D1EE27150890}.Release|x64.ActiveCfg = Release|x64
		{9B74C3A2-DCCD-44F0-9804-D1EE27150890}.Release|x64.Build.0 = Release|x64
		{9B74C3A2-DCCD-44F0-9804-D1EE27150890}.Release|x86.ActiveCfg = Release|x64
		{51603A91-9AAC-41E0-8991-27E52BB16729}.Debug|x64.ActiveCfg = Debug|x64
		{51603A91-9AAC-41E0-8991-27E52BB16729}.Debug|x86.ActiveCfg = Debug|x64
		{51603A91-9AAC-41E0-8991-27E52BB16729}.Release|x64.ActiveCfg = Release|x64
		{51603A91-9AAC-41E0-8991-27E52BB16729}.Release|x64.Build.0 = Release|x64
		{51603A91-9AAC-41E0-8991-27E52BB16729}.Release|x86.ActiveCfg = Release|x64
		{80DD890F-713A-4C17-B214-51E9E2012AEE}.Debug|x64.ActiveCfg = Debug|x64
		{80DD890F-713A-4C17-B214-51E9E2012AEE}.Debug|x86.ActiveCfg = Debug|x64
		{80DD890F-713A-4C17-B214-51E9E2012AEE}.Release|x64.ActiveCfg = Release|x64
		{80DD890F-713A-4C17-B214-51E9E2012AEE}.Release|x64.Build.0 = Release|x64
		{80DD890F-713A-4C17-B214-51E9E2012AEE}.Release|x86.ActiveCfg = Release|x64
		{18D1960F-2F69-4DA6-A105-3B64210B4685}.Debug|x64.ActiveCfg = Debug|x64
		{18D1960F-2F69-4DA6-A105-3B64210B4685}.Debug|x86.ActiveCfg = Debug|x64
		{18D1960F-2F69-4DA6-A105-3B64210B4685}.Release|x64.ActiveCfg = Release|x64
		{18D1960F-2F69-4DA6-A105-3B64210B4685}.Release|x64.Build.0 = Release|x64
		{18D1960F-2F69-4DA6-A105-3B64210B4685}.Release|x86.ActiveCfg = Release|x64
		{06B383D4-8ACD-4CA1-B489-BE514FAC7055}.Debug|x64.ActiveCfg = Debug|x64
		{06B383D4-8ACD-4CA1-B489-BE514FAC7055}.Debug|x86.ActiveCfg = Debug|x64
		{06B383D4-8ACD-4CA1-B489-BE514FAC7055}.Release|x64.ActiveCfg = Release|x64
		{06B383D4-8ACD-4CA1-B489-BE514FAC7055}.Release|x64.Build.0 = Release|x64
		{06B383D4-8ACD-4CA1-B489-BE514FAC7055}.Release|x86.ActiveCfg = Release|x64
		{7B29C337-5F66-46DB-AAF4-D152085761B6}.Debug|x64.ActiveCfg = Debug|x64
		{7B29C337-5F66-46DB-AAF4-D152085761B6}.Debug|x86.ActiveCfg = Debug|x64
		{7B29C337-5F66-46DB-AAF4-D152085761B6}.Release|x64.ActiveCfg = Release|x64
		{7B29C337-5F66-46DB-AAF4-D152085761B6}.Release|x64.Build.0 = Release|x64
		{7B29C337-5F66-46DB-AAF4-D152085761B6}.Release|x86.ActiveCfg = Release|x64
		{4786A786-AB5A-4EF2-A850-98170263C9ED}.Debug|x64.ActiveCfg = Debug|x64
		{4786A786-AB5A-4EF2-A850-98170263C9ED}.Debug|x86.ActiveCfg = Debug|x64
		{4786A786-AB5A-4EF2-A850-98170263C9ED}.Release|x64.ActiveCfg = Release|x64
		{4786A786-AB5A-4EF2-A850-98170263C9ED}.Release|x64.Build.0 = Release|x64
		{4786A786-AB5A-4EF2-A850-98170263C9ED}.Release|x86.ActiveCfg = Release|x64
		{8683CD76-0C58-420F-A791-9EA2B216A2E6}.Debug|x64.ActiveCfg = Debug|x64
		{8683CD76-0C58-420F-A791-9EA2B216A2E6}.Debug|x86.ActiveCfg = Debug|x64
		{8683CD76-0C58-420F-A791-9EA2B216A2E6}.Release|x64.ActiveCfg = Release|x64
		{8683CD76-0C58-420F-A791-9EA2B216A2E6}.Release|x64.Build.0 = Release|x64
		{8683CD76-0C58-420F-A791-9EA2B216A2E6}.Release|x86.ActiveCfg = Release|x64
		{01B556CC-9357-4B37-87E0-1BAEA474CAAE}.Debug|x64.ActiveCfg = Debug|x64
		{01B556CC-9357-4B37-87E0-1BAEA474CAAE}.Debug|x86.ActiveCfg = Debug|x64
		{01B556CC-9357-4B37-87E0-1BAEA474CAAE}.Release|x64.ActiveCfg = Release|x64
		{01B556CC-9357-4B37-87E0-1BAEA474CAAE}.Release|x64.Build.0 = Release|x64
		{01B556CC-9357-4B37-87E0-1BAEA474CAAE}.Release|x86.ActiveCfg = Release|x64
		{E9129F36-4844-4D90-AFD0-13AB86B280C8}.Debug|x64.ActiveCfg = Debug|x64
		{E9129F36-4844-4D90-AFD0-13AB86B280C8}.Debug|x86.ActiveCfg = Debug|x64
		{E9129F36-4844-4D90-AFD0-13AB86B280C8}.Release|x64.ActiveCfg = Release|x64
		{E9129F36-4844-4D90-AFD0-13AB86B280C8}.Release|x64.Build.0 = Release|x64
		{E9129F36-4844-4D90-AFD0-13AB86B280C8}.Release|x86.ActiveCfg = Release|x64
		{5B3E109E-0050-49DC-83FD-BAAAEC0610B2}.Debug|x64.ActiveCfg = Debug|x64
		{5B3E109E-0050-49DC-83FD-BAAAEC0610B2}.Debug|x86.ActiveCfg = Debug|x64
		{5B3E109E-0050-49DC-83FD-BAAAEC0610B2}.Release|x64.ActiveCfg = Release|x64
		{5B3E109E-0050-49DC-83FD-BAAAEC0610B2}.Release|x64.Build.0 = Release|x64
		{5B3E109E-0050-49DC-83FD-BAAAEC0610B2}.Release|x86.ActiveCfg = Release|x64
		{CE9026BE-14CC-40C0-8BA9-8C5383A37570}.Debug|x64.ActiveCfg = Debug|x64
		{CE9026BE-14CC-40C0-8BA9-8C5383A37570}.Debug|x86.ActiveCfg = Debug|x64
		{CE9026BE-14CC-40C0-8BA9-8C5383A37570}.Release|x64.ActiveCfg = Release|x64
		{CE9026BE-14CC-40C0-8BA9-8C5383A37570}.Release|x64.Build.0 = Release|x64
		{CE9026BE-14CC-40C0-8BA9-8C5383A37570}.Release|x86.ActiveCfg = Release|x64
		{B7DC7F74-DDB1-450C-9A70-6C852CEA8A2C}.Debug|x64.ActiveCfg = Debug|x64
		{B7DC7F74-DDB1-450C-9A70-6C852CEA8A2C}.Debug|x86.ActiveCfg = Debug|x64
		{B7DC7F74-DDB1-450C-9A70-6C852CEA8A2C}.Release|x64.ActiveCfg = Release|x64
		{B7DC7F74-DDB1-450C-9A70-6C852CEA8A2C}.Release|x64.Build.0 = Release|x64
		{B7DC7F74-DDB1-450C-9A70-6C852CEA8A2C}.Release|x86.ActiveCfg = Release|x64
		{41D5C15A-DDC1-45FA-9EBF-3D08D04E3E9E}.Debug|x64.ActiveCfg = Debug|x64
		{41D5C15A-DDC1-45FA-9EBF-3D08D04E3E9E}.Debug|x86.ActiveCfg = Debug|x64
		{41D5C15A-DDC1-45FA-9EBF-3D08D04E3E9E}.Release|x64.ActiveCfg = Release|x64
		{41D5C15A-DDC1-45FA-9EBF-3D08D04E3E9E}.Release|x64.Build.0 = Release|x64
		{41D5C15A-DDC1-45FA-9EBF-3D08D04E3E9E}.Release|x86.ActiveCfg = Release|x64
		{69CB9E94-E875-4B29-AB69-3BBFE8D467E8}.Debug|x64.ActiveCfg = Debug|x64
		{69CB9E94-E875-4B29-AB69-3BBFE8D467E8}.Debug|x86.ActiveCfg = Debug|x64
		{69CB9E94-E875-4B29-AB69-3BBFE8D467E8}.Release|x64.ActiveCfg = Release|x64
		{69CB9E94-E875-4B29-AB69-3BBFE8D467E8}.Release|x64.Build.0 = Release|x64
		{69CB9E94-E875-4B29-AB69-3BBFE8D467E8}.Release|x86.ActiveCfg = Release|x64
		{583CF928-C5BE-4518-9B5C-A8A7745BEE37}.Debug|x64.ActiveCfg = Debug|x64
		{583CF928-C5BE-4518-9B5C-A8A7745BEE37}.Debug|x86.ActiveCfg = Debug|x64
		{583CF928-C5BE-4518-9B5C-A8A7745BEE37}.Release|x64.ActiveCfg = Release|x64
		{583CF928-C5BE-4518-9B5C-A8A7745BEE37}.Release|x64.Build.0 = Release|x64
		{583CF928-C5BE-4518-9B5C-A8A7745BEE37}.Release|x86.ActiveCfg = Release|x64
		{496C70F6-D12A-42C9-A892-ACE1C6981F52}.Debug|x64.ActiveCfg = Debug|x86
		{496C70F6-D12A-42C9-A892-ACE1C6981F52}.Debug|x86.ActiveCfg = Debug|x86
		{496C70F6-D12A-42C9-A892-ACE1C6981F52}.Release|x64.ActiveCfg = Release|x64
		{496C70F6-D12A-42C9-A892-ACE1C6981F52}.Release|x64.Build.0 = Release|x64
		{496C70F6-D12A-42C9-A892-ACE1C6981F52}.Release|x86.ActiveCfg = Release|x86
		{496C70F6-D12A-42C9-A892-ACE1C6981F52}.Release|x86.Build.0 = Release|x86
		{0BFFA5D9-FF49-4F16-BBC6-27F9394341A5}.Debug|x64.ActiveCfg = Debug|x64
		{0BFFA5D9-FF49-4F16-BBC6-27F9394341A5}.Debug|x64.Build.0 = Debug|x64
		{0BFFA5D9-FF49-4F16-BBC6-27F9394341A5}.Debug|x86.ActiveCfg = Debug|x86
		{0BFFA5D9-FF49-4F16-BBC6-27F9394341A5}.Debug|x86.Build.0 = Debug|x86
		{0BFFA5D9-FF49-4F16-BBC6-27F9394341A5}.Release|x64.ActiveCfg = Release|x64
		{0BFFA5D9-FF49-4F16-BBC6-27F9394341A5}.Release|x64.Build.0 = Release|x64
		{0BFFA5D9-FF49-4F16-BBC6-27F9394341A5}.Release|x86.ActiveCfg = Release|x86
		{EFB08270-BB85-4399-9950-7E5E41983110}.Debug|x64.ActiveCfg = Release|x64
		{EFB08270-BB85-4399-9950-7E5E41983110}.Debug|x86.ActiveCfg = Release|x64
		{EFB08270-BB85-4399-9950-7E5E41983110}.Release|x64.ActiveCfg = Release|x64
		{EFB08270-BB85-4399-9950-7E5E41983110}.Release|x86.ActiveCfg = Release|x64
		{D1176BF0-59EF-400B-B712-B6B7D5D7FEB7}.Debug|x64.ActiveCfg = Debug|x64
		{D1176BF0-59EF-400B-B712-B6B7D5D7FEB7}.Debug|x86.ActiveCfg = Debug|x64
		{D1176BF0-59EF-400B-B712-B6B7D5D7FEB7}.Release|x64.ActiveCfg = Release|x64
		{D1176BF0-59EF-400B-B712-B6B7D5D7FEB7}.Release|x64.Build.0 = Release|x64
		{D1176BF0-59EF-400B-B712-B6B7D5D7FEB7}.Release|x86.ActiveCfg = Release|x64
	EndGlobalSection
	GlobalSection(SolutionProperties) = preSolution
		HideSolutionNode = FALSE
	EndGlobalSection
	GlobalSection(NestedProjects) = preSolution
		{34CB0325-9D82-4ADC-91FA-D065D11CB450} = {BCCDCCF3-861E-405F-8A20-5E23078AB593}
		{9B2EC5A8-CA2E-45CF-8B0D-35AAF1BB9E51} = {5E315D0E-7BF9-42DB-87CF-99CAD7A7AA8A}
		{F5C4BDEE-F760-45B5-942D-BA7CD4B9404A} = {37E4774D-AECA-47AB-83AA-ED453BB56E90}
		{E14F1167-2328-4015-A99D-9A2B0CD5A662} = {BCCDCCF3-861E-405F-8A20-5E23078AB593}
		{DE3D6498-EDB6-4CE0-AB7A-B3BEA1B15A48} = {BCCDCCF3-861E-405F-8A20-5E23078AB593}
		{348850E8-5C84-4C77-BA1A-220C6E48FA6E} = {BD599637-791D-41A6-9B5F-233032353630}
		{7FCA01F9-3AAC-4C4F-B0DB-DC1F76757C97} = {84121E67-E37B-4C69-810B-E3DC1C06F54A}
		{CBF191C2-D37D-45B1-A945-394D802B16C2} = {84121E67-E37B-4C69-810B-E3DC1C06F54A}
		{A5581AA0-44B7-4713-BD52-220758C89132} = {2B564B66-85B8-41D7-9A90-4132792B08A2}
		{676611A5-0798-4633-B4FD-50784FA244DB} = {84121E67-E37B-4C69-810B-E3DC1C06F54A}
		{8D50BF2D-947B-4974-B99C-A8A11873D0BC} = {2B564B66-85B8-41D7-9A90-4132792B08A2}
		{01CB9891-9EB1-4DAE-A46A-CF9FFE9187CA} = {2B564B66-85B8-41D7-9A90-4132792B08A2}
		{98162DFC-C99A-4848-A00F-C793992CE7A3} = {2B564B66-85B8-41D7-9A90-4132792B08A2}
		{F4A09594-ADD7-4EDA-B09C-C42DE9089D3A} = {2B564B66-85B8-41D7-9A90-4132792B08A2}
		{AC73E65E-E161-4E55-994F-03DC98378592} = {2B564B66-85B8-41D7-9A90-4132792B08A2}
		{7FBDEB9E-428F-4AC2-9C03-C59E9C93786D} = {2B564B66-85B8-41D7-9A90-4132792B08A2}
		{C131303C-8DFB-4EBE-BCCE-77979A7DCACE} = {2B564B66-85B8-41D7-9A90-4132792B08A2}
		{75E64B73-8DE7-48DC-9452-06088F93883E} = {2B564B66-85B8-41D7-9A90-4132792B08A2}
		{6C99D961-BE2C-41EA-A151-9A716745B9B4} = {2B564B66-85B8-41D7-9A90-4132792B08A2}
		{614DF586-9685-40A9-94EB-977757B6860B} = {2B564B66-85B8-41D7-9A90-4132792B08A2}
		{589A2517-21F6-4E35-8027-9CDBD059C0F7} = {2B564B66-85B8-41D7-9A90-4132792B08A2}
		{7527E87C-EEA7-4C2B-87EB-A5F1C4B87583} = {2B564B66-85B8-41D7-9A90-4132792B08A2}
		{30E61FED-CCA8-42D5-8489-5D9622442AA5} = {84121E67-E37B-4C69-810B-E3DC1C06F54A}
		{BBEC105B-6F77-427B-9141-EC9A042919E9} = {84121E67-E37B-4C69-810B-E3DC1C06F54A}
		{ED390F3C-3E5E-4550-8A9B-D50F11B0BB6C} = {84121E67-E37B-4C69-810B-E3DC1C06F54A}
		{CB91D9D5-D97C-4E7E-A595-FA2565A50813} = {37E4774D-AECA-47AB-83AA-ED453BB56E90}
		{AE428BD8-FEFD-4790-8A71-035780C33C2D} = {37E4774D-AECA-47AB-83AA-ED453BB56E90}
		{25023379-697F-42B8-B952-F97AA0797B1E} = {84121E67-E37B-4C69-810B-E3DC1C06F54A}
		{1CA3AE14-33FD-4338-85FA-8C68B7A34F4F} = {5E315D0E-7BF9-42DB-87CF-99CAD7A7AA8A}
		{7111B199-64D0-4A59-852C-C24E0E4F9000} = {5E315D0E-7BF9-42DB-87CF-99CAD7A7AA8A}
		{860E5E0E-741D-495E-9D55-FF26522F43DC} = {84121E67-E37B-4C69-810B-E3DC1C06F54A}
		{C6DEB987-8E8C-4A11-9B65-F5528FC2E543} = {84121E67-E37B-4C69-810B-E3DC1C06F54A}
		{2B564B66-85B8-41D7-9A90-4132792B08A2} = {BD599637-791D-41A6-9B5F-233032353630}
		{84121E67-E37B-4C69-810B-E3DC1C06F54A} = {BD599637-791D-41A6-9B5F-233032353630}
		{F165FAB3-8AD5-4335-B692-AAFDC5E29B66} = {8A84DE78-2733-41B8-AF2F-A61B8EB0B6FF}
		{CADB97B2-CB7D-4DD1-9C7A-06320B8CF352} = {8A84DE78-2733-41B8-AF2F-A61B8EB0B6FF}
		{6DE3379A-152F-47AC-8F94-B96E59A9478A} = {8A84DE78-2733-41B8-AF2F-A61B8EB0B6FF}
		{8B219EF0-68AF-4F24-98CB-022E3505C43D} = {84121E67-E37B-4C69-810B-E3DC1C06F54A}
		{0323895C-80C5-4BA9-A9C6-A5C54BC1FB10} = {84121E67-E37B-4C69-810B-E3DC1C06F54A}
		{56CD838B-02F5-453B-87A8-7D22F4FDAA78} = {84121E67-E37B-4C69-810B-E3DC1C06F54A}
		{A47FAA01-CF41-4FDC-BBF9-594E70DC967F} = {84121E67-E37B-4C69-810B-E3DC1C06F54A}
		{AB98CA5E-BBF0-41C7-B73A-A90B21A770A5} = {84121E67-E37B-4C69-810B-E3DC1C06F54A}
		{CB992865-C2E0-4D4A-B6A6-E979076913C6} = {84121E67-E37B-4C69-810B-E3DC1C06F54A}
		{906F2914-563F-4B12-8AC9-54117D29D2B5} = {84121E67-E37B-4C69-810B-E3DC1C06F54A}
		{E87D3A3C-DB9D-417F-87E5-E43D693AE31F} = {84121E67-E37B-4C69-810B-E3DC1C06F54A}
		{BBB72651-5FDA-4B91-82C3-9A11298E05E4} = {84121E67-E37B-4C69-810B-E3DC1C06F54A}
		{2623757C-75EE-495F-88A3-543C66C6AF08} = {84121E67-E37B-4C69-810B-E3DC1C06F54A}
		{A8C9B610-AE5F-4680-9663-9A202D12AE41} = {84121E67-E37B-4C69-810B-E3DC1C06F54A}
		{8C0C831B-6593-4402-B978-A68107743910} = {84121E67-E37B-4C69-810B-E3DC1C06F54A}
		{9B74C3A2-DCCD-44F0-9804-D1EE27150890} = {84121E67-E37B-4C69-810B-E3DC1C06F54A}
		{51603A91-9AAC-41E0-8991-27E52BB16729} = {2B564B66-85B8-41D7-9A90-4132792B08A2}
		{80DD890F-713A-4C17-B214-51E9E2012AEE} = {84121E67-E37B-4C69-810B-E3DC1C06F54A}
		{18D1960F-2F69-4DA6-A105-3B64210B4685} = {84121E67-E37B-4C69-810B-E3DC1C06F54A}
		{06B383D4-8ACD-4CA1-B489-BE514FAC7055} = {84121E67-E37B-4C69-810B-E3DC1C06F54A}
		{7B29C337-5F66-46DB-AAF4-D152085761B6} = {84121E67-E37B-4C69-810B-E3DC1C06F54A}
		{4786A786-AB5A-4EF2-A850-98170263C9ED} = {84121E67-E37B-4C69-810B-E3DC1C06F54A}
		{8683CD76-0C58-420F-A791-9EA2B216A2E6} = {84121E67-E37B-4C69-810B-E3DC1C06F54A}
		{01B556CC-9357-4B37-87E0-1BAEA474CAAE} = {84121E67-E37B-4C69-810B-E3DC1C06F54A}
		{E9129F36-4844-4D90-AFD0-13AB86B280C8} = {84121E67-E37B-4C69-810B-E3DC1C06F54A}
		{5B3E109E-0050-49DC-83FD-BAAAEC0610B2} = {84121E67-E37B-4C69-810B-E3DC1C06F54A}
		{CE9026BE-14CC-40C0-8BA9-8C5383A37570} = {84121E67-E37B-4C69-810B-E3DC1C06F54A}
		{B7DC7F74-DDB1-450C-9A70-6C852CEA8A2C} = {84121E67-E37B-4C69-810B-E3DC1C06F54A}
		{41D5C15A-DDC1-45FA-9EBF-3D08D04E3E9E} = {84121E67-E37B-4C69-810B-E3DC1C06F54A}
		{69CB9E94-E875-4B29-AB69-3BBFE8D467E8} = {BD599637-791D-41A6-9B5F-233032353630}
		{583CF928-C5BE-4518-9B5C-A8A7745BEE37} = {84121E67-E37B-4C69-810B-E3DC1C06F54A}
		{496C70F6-D12A-42C9-A892-ACE1C6981F52} = {BD599637-791D-41A6-9B5F-233032353630}
		{C22EEAE5-C719-4664-85FA-B933344EB109} = {98EE519A-E7DE-42C2-8856-727E5CE8766C}
		{D1176BF0-59EF-400B-B712-B6B7D5D7FEB7} = {84121E67-E37B-4C69-810B-E3DC1C06F54A}
	EndGlobalSection
	GlobalSection(ExtensibilityGlobals) = postSolution
		SolutionGuid = {0BE575CA-E157-41CC-B2F3-97DC5D97E61C}
	EndGlobalSection
	GlobalSection(TestCaseManagementSettings) = postSolution
		CategoryFile = SEC VS2010.vsmdi
	EndGlobalSection
EndGlobal
